// !$*UTF8*$!
{
	archiveVersion = 1;
	classes = {
	};
	objectVersion = 46;
	objects = {

/* Begin PBXBuildFile section */
		E915D6EE1977F3B100846F31 /* ExercisesData.m in Sources */ = {isa = PBXBuildFile; fileRef = E915D6ED1977F3B100846F31 /* ExercisesData.m */; };
		E915D6F21977F48A00846F31 /* RootExercisesTableViewController.m in Sources */ = {isa = PBXBuildFile; fileRef = E915D6F11977F48A00846F31 /* RootExercisesTableViewController.m */; };
		E915D6F51977F4A400846F31 /* DetailExercisesViewController.m in Sources */ = {isa = PBXBuildFile; fileRef = E915D6F41977F4A400846F31 /* DetailExercisesViewController.m */; };
		E915D6F81977F4BF00846F31 /* ExercisesViewController.m in Sources */ = {isa = PBXBuildFile; fileRef = E915D6F71977F4BF00846F31 /* ExercisesViewController.m */; };
		E915D6FC1977FC6100846F31 /* StatisticsData.m in Sources */ = {isa = PBXBuildFile; fileRef = E915D6FB1977FC6100846F31 /* StatisticsData.m */; };
		E915D7011977FD1000846F31 /* RootStatisticsTableViewController.m in Sources */ = {isa = PBXBuildFile; fileRef = E915D7001977FD1000846F31 /* RootStatisticsTableViewController.m */; };
		E915D7041977FD2700846F31 /* DetailStatisticsViewController.m in Sources */ = {isa = PBXBuildFile; fileRef = E915D7031977FD2700846F31 /* DetailStatisticsViewController.m */; };
		E915D7071977FD3E00846F31 /* StatisticsViewController.m in Sources */ = {isa = PBXBuildFile; fileRef = E915D7061977FD3E00846F31 /* StatisticsViewController.m */; };
		E915D70B197804A400846F31 /* StartViewController.m in Sources */ = {isa = PBXBuildFile; fileRef = E915D70A197804A400846F31 /* StartViewController.m */; };
		E935AA111976E70F00409E7B /* RootLessonTableViewController.m in Sources */ = {isa = PBXBuildFile; fileRef = E935AA101976E70F00409E7B /* RootLessonTableViewController.m */; };
		E935AA141976E79000409E7B /* DetailLessonViewController.m in Sources */ = {isa = PBXBuildFile; fileRef = E935AA131976E79000409E7B /* DetailLessonViewController.m */; };
		E935AA171976EA3F00409E7B /* LessonData.m in Sources */ = {isa = PBXBuildFile; fileRef = E935AA161976EA3F00409E7B /* LessonData.m */; };
		E935AA1C1976F48900409E7B /* LessonsViewController.m in Sources */ = {isa = PBXBuildFile; fileRef = E935AA1B1976F48900409E7B /* LessonsViewController.m */; };
		E939E1BC197AA60500EAD654 /* AccountTable.m in Sources */ = {isa = PBXBuildFile; fileRef = E939E1BB197AA60500EAD654 /* AccountTable.m */; };
		E9E514081976A231001FDA03 /* Foundation.framework in Frameworks */ = {isa = PBXBuildFile; fileRef = E9E514071976A231001FDA03 /* Foundation.framework */; };
		E9E5140A1976A231001FDA03 /* CoreGraphics.framework in Frameworks */ = {isa = PBXBuildFile; fileRef = E9E514091976A231001FDA03 /* CoreGraphics.framework */; };
		E9E5140C1976A231001FDA03 /* UIKit.framework in Frameworks */ = {isa = PBXBuildFile; fileRef = E9E5140B1976A231001FDA03 /* UIKit.framework */; };
		E9E514121976A231001FDA03 /* InfoPlist.strings in Resources */ = {isa = PBXBuildFile; fileRef = E9E514101976A231001FDA03 /* InfoPlist.strings */; };
		E9E514141976A231001FDA03 /* main.m in Sources */ = {isa = PBXBuildFile; fileRef = E9E514131976A231001FDA03 /* main.m */; };
		E9E514181976A231001FDA03 /* AppDelegate.m in Sources */ = {isa = PBXBuildFile; fileRef = E9E514171976A231001FDA03 /* AppDelegate.m */; };
		E9E5141B1976A231001FDA03 /* Main_iPhone.storyboard in Resources */ = {isa = PBXBuildFile; fileRef = E9E514191976A231001FDA03 /* Main_iPhone.storyboard */; };
		E9E5141E1976A231001FDA03 /* Main_iPad.storyboard in Resources */ = {isa = PBXBuildFile; fileRef = E9E5141C1976A231001FDA03 /* Main_iPad.storyboard */; };
		E9E514211976A231001FDA03 /* ViewController.m in Sources */ = {isa = PBXBuildFile; fileRef = E9E514201976A231001FDA03 /* ViewController.m */; };
		E9E514231976A231001FDA03 /* Images.xcassets in Resources */ = {isa = PBXBuildFile; fileRef = E9E514221976A231001FDA03 /* Images.xcassets */; };
		E9E5142A1976A231001FDA03 /* XCTest.framework in Frameworks */ = {isa = PBXBuildFile; fileRef = E9E514291976A231001FDA03 /* XCTest.framework */; };
		E9E5142B1976A231001FDA03 /* Foundation.framework in Frameworks */ = {isa = PBXBuildFile; fileRef = E9E514071976A231001FDA03 /* Foundation.framework */; };
		E9E5142C1976A231001FDA03 /* UIKit.framework in Frameworks */ = {isa = PBXBuildFile; fileRef = E9E5140B1976A231001FDA03 /* UIKit.framework */; };
		E9E514341976A231001FDA03 /* InfoPlist.strings in Resources */ = {isa = PBXBuildFile; fileRef = E9E514321976A231001FDA03 /* InfoPlist.strings */; };
		E9E514361976A231001FDA03 /* SpeedReaderTests.m in Sources */ = {isa = PBXBuildFile; fileRef = E9E514351976A231001FDA03 /* SpeedReaderTests.m */; };
		E9E514451976A281001FDA03 /* Localizable.strings in Resources */ = {isa = PBXBuildFile; fileRef = E9E514471976A281001FDA03 /* Localizable.strings */; };
		E9E5144B1976A5CC001FDA03 /* LoginViewController.m in Sources */ = {isa = PBXBuildFile; fileRef = E9E5144A1976A5CC001FDA03 /* LoginViewController.m */; };
		E9E5144F1976A611001FDA03 /* AddAccountViewController.m in Sources */ = {isa = PBXBuildFile; fileRef = E9E5144E1976A611001FDA03 /* AddAccountViewController.m */; };
		E9E514521976A623001FDA03 /* DeleteAccountViewController.m in Sources */ = {isa = PBXBuildFile; fileRef = E9E514511976A623001FDA03 /* DeleteAccountViewController.m */; };
		E9E514551976A635001FDA03 /* ImportAccountViewController.m in Sources */ = {isa = PBXBuildFile; fileRef = E9E514541976A635001FDA03 /* ImportAccountViewController.m */; };
		E9E514581976A645001FDA03 /* ExportAccountViewController.m in Sources */ = {isa = PBXBuildFile; fileRef = E9E514571976A645001FDA03 /* ExportAccountViewController.m */; };
		E9E5145B1976A71E001FDA03 /* MainViewController.m in Sources */ = {isa = PBXBuildFile; fileRef = E9E5145A1976A71E001FDA03 /* MainViewController.m */; };
		E9E86D3A197AB0FC00CE362D /* AccountTableCellTableViewCell.m in Sources */ = {isa = PBXBuildFile; fileRef = E9E86D39197AB0FC00CE362D /* AccountTableCellTableViewCell.m */; };
		E9E86D3D197AB2A600CE362D /* UserAccount.m in Sources */ = {isa = PBXBuildFile; fileRef = E9E86D3C197AB2A600CE362D /* UserAccount.m */; };
		E9FEE6131977D39700463B32 /* ModuleViewController.m in Sources */ = {isa = PBXBuildFile; fileRef = E9FEE6121977D39700463B32 /* ModuleViewController.m */; };
/* End PBXBuildFile section */

/* Begin PBXContainerItemProxy section */
		E9E5142D1976A231001FDA03 /* PBXContainerItemProxy */ = {
			isa = PBXContainerItemProxy;
			containerPortal = E9E513FC1976A231001FDA03 /* Project object */;
			proxyType = 1;
			remoteGlobalIDString = E9E514031976A231001FDA03;
			remoteInfo = SpeedReader;
		};
/* End PBXContainerItemProxy section */

/* Begin PBXFileReference section */
		E915D6EC1977F3B100846F31 /* ExercisesData.h */ = {isa = PBXFileReference; fileEncoding = 4; lastKnownFileType = sourcecode.c.h; name = ExercisesData.h; path = SpeedReader/Data/ExercisesData.h; sourceTree = "<group>"; };
		E915D6ED1977F3B100846F31 /* ExercisesData.m */ = {isa = PBXFileReference; fileEncoding = 4; lastKnownFileType = sourcecode.c.objc; name = ExercisesData.m; path = SpeedReader/Data/ExercisesData.m; sourceTree = "<group>"; };
		E915D6EF1977F3D100846F31 /* ExercisesSelectionDelegate.h */ = {isa = PBXFileReference; lastKnownFileType = sourcecode.c.h; name = ExercisesSelectionDelegate.h; path = SpeedReader/Data/ExercisesSelectionDelegate.h; sourceTree = "<group>"; };
		E915D6F01977F48A00846F31 /* RootExercisesTableViewController.h */ = {isa = PBXFileReference; fileEncoding = 4; lastKnownFileType = sourcecode.c.h; name = RootExercisesTableViewController.h; path = SpeedReader/ViewControllers/RootExercisesTableViewController.h; sourceTree = "<group>"; };
		E915D6F11977F48A00846F31 /* RootExercisesTableViewController.m */ = {isa = PBXFileReference; fileEncoding = 4; lastKnownFileType = sourcecode.c.objc; name = RootExercisesTableViewController.m; path = SpeedReader/ViewControllers/RootExercisesTableViewController.m; sourceTree = "<group>"; };
		E915D6F31977F4A400846F31 /* DetailExercisesViewController.h */ = {isa = PBXFileReference; fileEncoding = 4; lastKnownFileType = sourcecode.c.h; name = DetailExercisesViewController.h; path = SpeedReader/ViewControllers/DetailExercisesViewController.h; sourceTree = "<group>"; };
		E915D6F41977F4A400846F31 /* DetailExercisesViewController.m */ = {isa = PBXFileReference; fileEncoding = 4; lastKnownFileType = sourcecode.c.objc; name = DetailExercisesViewController.m; path = SpeedReader/ViewControllers/DetailExercisesViewController.m; sourceTree = "<group>"; };
		E915D6F61977F4BF00846F31 /* ExercisesViewController.h */ = {isa = PBXFileReference; fileEncoding = 4; lastKnownFileType = sourcecode.c.h; name = ExercisesViewController.h; path = SpeedReader/ViewControllers/ExercisesViewController.h; sourceTree = "<group>"; };
		E915D6F71977F4BF00846F31 /* ExercisesViewController.m */ = {isa = PBXFileReference; fileEncoding = 4; lastKnownFileType = sourcecode.c.objc; name = ExercisesViewController.m; path = SpeedReader/ViewControllers/ExercisesViewController.m; sourceTree = "<group>"; };
		E915D6FA1977FC6100846F31 /* StatisticsData.h */ = {isa = PBXFileReference; fileEncoding = 4; lastKnownFileType = sourcecode.c.h; name = StatisticsData.h; path = SpeedReader/Data/StatisticsData.h; sourceTree = "<group>"; };
		E915D6FB1977FC6100846F31 /* StatisticsData.m */ = {isa = PBXFileReference; fileEncoding = 4; lastKnownFileType = sourcecode.c.objc; name = StatisticsData.m; path = SpeedReader/Data/StatisticsData.m; sourceTree = "<group>"; };
		E915D6FD1977FC7800846F31 /* StatisticsSelectionDelegate.h */ = {isa = PBXFileReference; lastKnownFileType = sourcecode.c.h; name = StatisticsSelectionDelegate.h; path = SpeedReader/Data/StatisticsSelectionDelegate.h; sourceTree = "<group>"; };
		E915D6FF1977FD1000846F31 /* RootStatisticsTableViewController.h */ = {isa = PBXFileReference; fileEncoding = 4; lastKnownFileType = sourcecode.c.h; name = RootStatisticsTableViewController.h; path = SpeedReader/ViewControllers/RootStatisticsTableViewController.h; sourceTree = "<group>"; };
		E915D7001977FD1000846F31 /* RootStatisticsTableViewController.m */ = {isa = PBXFileReference; fileEncoding = 4; lastKnownFileType = sourcecode.c.objc; name = RootStatisticsTableViewController.m; path = SpeedReader/ViewControllers/RootStatisticsTableViewController.m; sourceTree = "<group>"; };
		E915D7021977FD2700846F31 /* DetailStatisticsViewController.h */ = {isa = PBXFileReference; fileEncoding = 4; lastKnownFileType = sourcecode.c.h; name = DetailStatisticsViewController.h; path = SpeedReader/ViewControllers/DetailStatisticsViewController.h; sourceTree = "<group>"; };
		E915D7031977FD2700846F31 /* DetailStatisticsViewController.m */ = {isa = PBXFileReference; fileEncoding = 4; lastKnownFileType = sourcecode.c.objc; name = DetailStatisticsViewController.m; path = SpeedReader/ViewControllers/DetailStatisticsViewController.m; sourceTree = "<group>"; };
		E915D7051977FD3E00846F31 /* StatisticsViewController.h */ = {isa = PBXFileReference; fileEncoding = 4; lastKnownFileType = sourcecode.c.h; name = StatisticsViewController.h; path = SpeedReader/ViewControllers/StatisticsViewController.h; sourceTree = "<group>"; };
		E915D7061977FD3E00846F31 /* StatisticsViewController.m */ = {isa = PBXFileReference; fileEncoding = 4; lastKnownFileType = sourcecode.c.objc; name = StatisticsViewController.m; path = SpeedReader/ViewControllers/StatisticsViewController.m; sourceTree = "<group>"; };
		E915D709197804A400846F31 /* StartViewController.h */ = {isa = PBXFileReference; fileEncoding = 4; lastKnownFileType = sourcecode.c.h; name = StartViewController.h; path = SpeedReader/ViewControllers/StartViewController.h; sourceTree = "<group>"; };
		E915D70A197804A400846F31 /* StartViewController.m */ = {isa = PBXFileReference; fileEncoding = 4; lastKnownFileType = sourcecode.c.objc; name = StartViewController.m; path = SpeedReader/ViewControllers/StartViewController.m; sourceTree = "<group>"; };
		E935AA0F1976E70F00409E7B /* RootLessonTableViewController.h */ = {isa = PBXFileReference; fileEncoding = 4; lastKnownFileType = sourcecode.c.h; name = RootLessonTableViewController.h; path = SpeedReader/ViewControllers/RootLessonTableViewController.h; sourceTree = "<group>"; };
		E935AA101976E70F00409E7B /* RootLessonTableViewController.m */ = {isa = PBXFileReference; fileEncoding = 4; lastKnownFileType = sourcecode.c.objc; name = RootLessonTableViewController.m; path = SpeedReader/ViewControllers/RootLessonTableViewController.m; sourceTree = "<group>"; };
		E935AA121976E79000409E7B /* DetailLessonViewController.h */ = {isa = PBXFileReference; fileEncoding = 4; lastKnownFileType = sourcecode.c.h; name = DetailLessonViewController.h; path = SpeedReader/ViewControllers/DetailLessonViewController.h; sourceTree = "<group>"; };
		E935AA131976E79000409E7B /* DetailLessonViewController.m */ = {isa = PBXFileReference; fileEncoding = 4; lastKnownFileType = sourcecode.c.objc; name = DetailLessonViewController.m; path = SpeedReader/ViewControllers/DetailLessonViewController.m; sourceTree = "<group>"; };
		E935AA151976EA3F00409E7B /* LessonData.h */ = {isa = PBXFileReference; fileEncoding = 4; lastKnownFileType = sourcecode.c.h; name = LessonData.h; path = SpeedReader/Data/LessonData.h; sourceTree = "<group>"; };
		E935AA161976EA3F00409E7B /* LessonData.m */ = {isa = PBXFileReference; fileEncoding = 4; lastKnownFileType = sourcecode.c.objc; name = LessonData.m; path = SpeedReader/Data/LessonData.m; sourceTree = "<group>"; };
		E935AA191976F29700409E7B /* LessonSelectionDelegate.h */ = {isa = PBXFileReference; lastKnownFileType = sourcecode.c.h; name = LessonSelectionDelegate.h; path = SpeedReader/Data/LessonSelectionDelegate.h; sourceTree = "<group>"; };
		E935AA1A1976F48900409E7B /* LessonsViewController.h */ = {isa = PBXFileReference; fileEncoding = 4; lastKnownFileType = sourcecode.c.h; name = LessonsViewController.h; path = SpeedReader/ViewControllers/LessonsViewController.h; sourceTree = "<group>"; };
		E935AA1B1976F48900409E7B /* LessonsViewController.m */ = {isa = PBXFileReference; fileEncoding = 4; lastKnownFileType = sourcecode.c.objc; name = LessonsViewController.m; path = SpeedReader/ViewControllers/LessonsViewController.m; sourceTree = "<group>"; };
		E939E1BA197AA60500EAD654 /* AccountTable.h */ = {isa = PBXFileReference; fileEncoding = 4; lastKnownFileType = sourcecode.c.h; name = AccountTable.h; path = SpeedReader/Data/AccountTable.h; sourceTree = "<group>"; };
		E939E1BB197AA60500EAD654 /* AccountTable.m */ = {isa = PBXFileReference; fileEncoding = 4; lastKnownFileType = sourcecode.c.objc; name = AccountTable.m; path = SpeedReader/Data/AccountTable.m; sourceTree = "<group>"; };
		E9E514041976A231001FDA03 /* SpeedReader.app */ = {isa = PBXFileReference; explicitFileType = wrapper.application; includeInIndex = 0; path = SpeedReader.app; sourceTree = BUILT_PRODUCTS_DIR; };
		E9E514071976A231001FDA03 /* Foundation.framework */ = {isa = PBXFileReference; lastKnownFileType = wrapper.framework; name = Foundation.framework; path = System/Library/Frameworks/Foundation.framework; sourceTree = SDKROOT; };
		E9E514091976A231001FDA03 /* CoreGraphics.framework */ = {isa = PBXFileReference; lastKnownFileType = wrapper.framework; name = CoreGraphics.framework; path = System/Library/Frameworks/CoreGraphics.framework; sourceTree = SDKROOT; };
		E9E5140B1976A231001FDA03 /* UIKit.framework */ = {isa = PBXFileReference; lastKnownFileType = wrapper.framework; name = UIKit.framework; path = System/Library/Frameworks/UIKit.framework; sourceTree = SDKROOT; };
		E9E5140F1976A231001FDA03 /* SpeedReader-Info.plist */ = {isa = PBXFileReference; lastKnownFileType = text.plist.xml; path = "SpeedReader-Info.plist"; sourceTree = "<group>"; };
		E9E514111976A231001FDA03 /* en */ = {isa = PBXFileReference; lastKnownFileType = text.plist.strings; name = en; path = en.lproj/InfoPlist.strings; sourceTree = "<group>"; };
		E9E514131976A231001FDA03 /* main.m */ = {isa = PBXFileReference; lastKnownFileType = sourcecode.c.objc; path = main.m; sourceTree = "<group>"; };
		E9E514151976A231001FDA03 /* SpeedReader-Prefix.pch */ = {isa = PBXFileReference; lastKnownFileType = sourcecode.c.h; path = "SpeedReader-Prefix.pch"; sourceTree = "<group>"; };
		E9E514161976A231001FDA03 /* AppDelegate.h */ = {isa = PBXFileReference; lastKnownFileType = sourcecode.c.h; path = AppDelegate.h; sourceTree = "<group>"; };
		E9E514171976A231001FDA03 /* AppDelegate.m */ = {isa = PBXFileReference; lastKnownFileType = sourcecode.c.objc; path = AppDelegate.m; sourceTree = "<group>"; };
		E9E5141A1976A231001FDA03 /* Base */ = {isa = PBXFileReference; lastKnownFileType = file.storyboard; name = Base; path = Base.lproj/Main_iPhone.storyboard; sourceTree = "<group>"; };
		E9E5141D1976A231001FDA03 /* Base */ = {isa = PBXFileReference; lastKnownFileType = file.storyboard; name = Base; path = Base.lproj/Main_iPad.storyboard; sourceTree = "<group>"; };
		E9E5141F1976A231001FDA03 /* ViewController.h */ = {isa = PBXFileReference; lastKnownFileType = sourcecode.c.h; path = ViewController.h; sourceTree = "<group>"; };
		E9E514201976A231001FDA03 /* ViewController.m */ = {isa = PBXFileReference; lastKnownFileType = sourcecode.c.objc; path = ViewController.m; sourceTree = "<group>"; };
		E9E514221976A231001FDA03 /* Images.xcassets */ = {isa = PBXFileReference; lastKnownFileType = folder.assetcatalog; path = Images.xcassets; sourceTree = "<group>"; };
		E9E514281976A231001FDA03 /* SpeedReaderTests.xctest */ = {isa = PBXFileReference; explicitFileType = wrapper.cfbundle; includeInIndex = 0; path = SpeedReaderTests.xctest; sourceTree = BUILT_PRODUCTS_DIR; };
		E9E514291976A231001FDA03 /* XCTest.framework */ = {isa = PBXFileReference; lastKnownFileType = wrapper.framework; name = XCTest.framework; path = Library/Frameworks/XCTest.framework; sourceTree = DEVELOPER_DIR; };
		E9E514311976A231001FDA03 /* SpeedReaderTests-Info.plist */ = {isa = PBXFileReference; lastKnownFileType = text.plist.xml; path = "SpeedReaderTests-Info.plist"; sourceTree = "<group>"; };
		E9E514331976A231001FDA03 /* en */ = {isa = PBXFileReference; lastKnownFileType = text.plist.strings; name = en; path = en.lproj/InfoPlist.strings; sourceTree = "<group>"; };
		E9E514351976A231001FDA03 /* SpeedReaderTests.m */ = {isa = PBXFileReference; lastKnownFileType = sourcecode.c.objc; path = SpeedReaderTests.m; sourceTree = "<group>"; };
		E9E514411976A277001FDA03 /* pl */ = {isa = PBXFileReference; lastKnownFileType = text.plist.strings; name = pl; path = pl.lproj/Main_iPhone.strings; sourceTree = "<group>"; };
		E9E514421976A277001FDA03 /* pl */ = {isa = PBXFileReference; lastKnownFileType = text.plist.strings; name = pl; path = pl.lproj/Main_iPad.strings; sourceTree = "<group>"; };
		E9E514431976A277001FDA03 /* pl */ = {isa = PBXFileReference; lastKnownFileType = text.plist.strings; name = pl; path = pl.lproj/InfoPlist.strings; sourceTree = "<group>"; };
		E9E514441976A277001FDA03 /* pl */ = {isa = PBXFileReference; lastKnownFileType = text.plist.strings; name = pl; path = pl.lproj/InfoPlist.strings; sourceTree = "<group>"; };
		E9E514461976A281001FDA03 /* en */ = {isa = PBXFileReference; lastKnownFileType = text.plist.strings; name = en; path = en.lproj/Localizable.strings; sourceTree = "<group>"; };
		E9E514481976A28A001FDA03 /* pl */ = {isa = PBXFileReference; lastKnownFileType = text.plist.strings; name = pl; path = pl.lproj/Localizable.strings; sourceTree = "<group>"; };
		E9E514491976A5CC001FDA03 /* LoginViewController.h */ = {isa = PBXFileReference; fileEncoding = 4; lastKnownFileType = sourcecode.c.h; name = LoginViewController.h; path = SpeedReader/ViewControllers/LoginViewController.h; sourceTree = "<group>"; };
		E9E5144A1976A5CC001FDA03 /* LoginViewController.m */ = {isa = PBXFileReference; fileEncoding = 4; lastKnownFileType = sourcecode.c.objc; name = LoginViewController.m; path = SpeedReader/ViewControllers/LoginViewController.m; sourceTree = "<group>"; };
		E9E5144D1976A611001FDA03 /* AddAccountViewController.h */ = {isa = PBXFileReference; fileEncoding = 4; lastKnownFileType = sourcecode.c.h; name = AddAccountViewController.h; path = SpeedReader/ViewControllers/AddAccountViewController.h; sourceTree = "<group>"; };
		E9E5144E1976A611001FDA03 /* AddAccountViewController.m */ = {isa = PBXFileReference; fileEncoding = 4; lastKnownFileType = sourcecode.c.objc; name = AddAccountViewController.m; path = SpeedReader/ViewControllers/AddAccountViewController.m; sourceTree = "<group>"; };
		E9E514501976A623001FDA03 /* DeleteAccountViewController.h */ = {isa = PBXFileReference; fileEncoding = 4; lastKnownFileType = sourcecode.c.h; name = DeleteAccountViewController.h; path = SpeedReader/ViewControllers/DeleteAccountViewController.h; sourceTree = "<group>"; };
		E9E514511976A623001FDA03 /* DeleteAccountViewController.m */ = {isa = PBXFileReference; fileEncoding = 4; lastKnownFileType = sourcecode.c.objc; name = DeleteAccountViewController.m; path = SpeedReader/ViewControllers/DeleteAccountViewController.m; sourceTree = "<group>"; };
		E9E514531976A635001FDA03 /* ImportAccountViewController.h */ = {isa = PBXFileReference; fileEncoding = 4; lastKnownFileType = sourcecode.c.h; name = ImportAccountViewController.h; path = SpeedReader/ViewControllers/ImportAccountViewController.h; sourceTree = "<group>"; };
		E9E514541976A635001FDA03 /* ImportAccountViewController.m */ = {isa = PBXFileReference; fileEncoding = 4; lastKnownFileType = sourcecode.c.objc; name = ImportAccountViewController.m; path = SpeedReader/ViewControllers/ImportAccountViewController.m; sourceTree = "<group>"; };
		E9E514561976A645001FDA03 /* ExportAccountViewController.h */ = {isa = PBXFileReference; fileEncoding = 4; lastKnownFileType = sourcecode.c.h; name = ExportAccountViewController.h; path = SpeedReader/ViewControllers/ExportAccountViewController.h; sourceTree = "<group>"; };
		E9E514571976A645001FDA03 /* ExportAccountViewController.m */ = {isa = PBXFileReference; fileEncoding = 4; lastKnownFileType = sourcecode.c.objc; name = ExportAccountViewController.m; path = SpeedReader/ViewControllers/ExportAccountViewController.m; sourceTree = "<group>"; };
		E9E514591976A71E001FDA03 /* MainViewController.h */ = {isa = PBXFileReference; fileEncoding = 4; lastKnownFileType = sourcecode.c.h; name = MainViewController.h; path = SpeedReader/ViewControllers/MainViewController.h; sourceTree = "<group>"; };
		E9E5145A1976A71E001FDA03 /* MainViewController.m */ = {isa = PBXFileReference; fileEncoding = 4; lastKnownFileType = sourcecode.c.objc; name = MainViewController.m; path = SpeedReader/ViewControllers/MainViewController.m; sourceTree = "<group>"; };
		E9E86D38197AB0FC00CE362D /* AccountTableCellTableViewCell.h */ = {isa = PBXFileReference; fileEncoding = 4; lastKnownFileType = sourcecode.c.h; name = AccountTableCellTableViewCell.h; path = SpeedReader/Data/AccountTableCellTableViewCell.h; sourceTree = "<group>"; };
		E9E86D39197AB0FC00CE362D /* AccountTableCellTableViewCell.m */ = {isa = PBXFileReference; fileEncoding = 4; lastKnownFileType = sourcecode.c.objc; name = AccountTableCellTableViewCell.m; path = SpeedReader/Data/AccountTableCellTableViewCell.m; sourceTree = "<group>"; };
		E9E86D3B197AB2A600CE362D /* UserAccount.h */ = {isa = PBXFileReference; fileEncoding = 4; lastKnownFileType = sourcecode.c.h; name = UserAccount.h; path = SpeedReader/Data/UserAccount.h; sourceTree = "<group>"; };
		E9E86D3C197AB2A600CE362D /* UserAccount.m */ = {isa = PBXFileReference; fileEncoding = 4; lastKnownFileType = sourcecode.c.objc; name = UserAccount.m; path = SpeedReader/Data/UserAccount.m; sourceTree = "<group>"; };
		E9FEE6111977D39700463B32 /* ModuleViewController.h */ = {isa = PBXFileReference; fileEncoding = 4; lastKnownFileType = sourcecode.c.h; name = ModuleViewController.h; path = SpeedReader/Data/ModuleViewController.h; sourceTree = "<group>"; };
		E9FEE6121977D39700463B32 /* ModuleViewController.m */ = {isa = PBXFileReference; fileEncoding = 4; lastKnownFileType = sourcecode.c.objc; name = ModuleViewController.m; path = SpeedReader/Data/ModuleViewController.m; sourceTree = "<group>"; };
/* End PBXFileReference section */

/* Begin PBXFrameworksBuildPhase section */
		E9E514011976A231001FDA03 /* Frameworks */ = {
			isa = PBXFrameworksBuildPhase;
			buildActionMask = 2147483647;
			files = (
				E9E5140A1976A231001FDA03 /* CoreGraphics.framework in Frameworks */,
				E9E5140C1976A231001FDA03 /* UIKit.framework in Frameworks */,
				E9E514081976A231001FDA03 /* Foundation.framework in Frameworks */,
			);
			runOnlyForDeploymentPostprocessing = 0;
		};
		E9E514251976A231001FDA03 /* Frameworks */ = {
			isa = PBXFrameworksBuildPhase;
			buildActionMask = 2147483647;
			files = (
				E9E5142A1976A231001FDA03 /* XCTest.framework in Frameworks */,
				E9E5142C1976A231001FDA03 /* UIKit.framework in Frameworks */,
				E9E5142B1976A231001FDA03 /* Foundation.framework in Frameworks */,
			);
			runOnlyForDeploymentPostprocessing = 0;
		};
/* End PBXFrameworksBuildPhase section */

/* Begin PBXGroup section */
		E915D6E31977F23500846F31 /* MainView */ = {
			isa = PBXGroup;
			children = (
				E9E514491976A5CC001FDA03 /* LoginViewController.h */,
				E9E5144A1976A5CC001FDA03 /* LoginViewController.m */,
				E9E5144D1976A611001FDA03 /* AddAccountViewController.h */,
				E9E5144E1976A611001FDA03 /* AddAccountViewController.m */,
				E9E514501976A623001FDA03 /* DeleteAccountViewController.h */,
				E9E514511976A623001FDA03 /* DeleteAccountViewController.m */,
				E9E514531976A635001FDA03 /* ImportAccountViewController.h */,
				E9E514541976A635001FDA03 /* ImportAccountViewController.m */,
				E9E514561976A645001FDA03 /* ExportAccountViewController.h */,
				E9E514571976A645001FDA03 /* ExportAccountViewController.m */,
			);
			name = MainView;
			sourceTree = "<group>";
		};
		E915D6E41977F24E00846F31 /* Lesson */ = {
			isa = PBXGroup;
			children = (
				E935AA0F1976E70F00409E7B /* RootLessonTableViewController.h */,
				E935AA101976E70F00409E7B /* RootLessonTableViewController.m */,
				E935AA121976E79000409E7B /* DetailLessonViewController.h */,
				E935AA131976E79000409E7B /* DetailLessonViewController.m */,
				E935AA1A1976F48900409E7B /* LessonsViewController.h */,
				E935AA1B1976F48900409E7B /* LessonsViewController.m */,
			);
			name = Lesson;
			sourceTree = "<group>";
		};
		E915D6E51977F25800846F31 /* Exercises */ = {
			isa = PBXGroup;
			children = (
				E915D6F01977F48A00846F31 /* RootExercisesTableViewController.h */,
				E915D6F11977F48A00846F31 /* RootExercisesTableViewController.m */,
				E915D6F31977F4A400846F31 /* DetailExercisesViewController.h */,
				E915D6F41977F4A400846F31 /* DetailExercisesViewController.m */,
				E915D6F61977F4BF00846F31 /* ExercisesViewController.h */,
				E915D6F71977F4BF00846F31 /* ExercisesViewController.m */,
			);
			name = Exercises;
			sourceTree = "<group>";
		};
		E915D6E61977F35500846F31 /* Lesson */ = {
			isa = PBXGroup;
			children = (
				E935AA151976EA3F00409E7B /* LessonData.h */,
				E935AA161976EA3F00409E7B /* LessonData.m */,
				E935AA191976F29700409E7B /* LessonSelectionDelegate.h */,
			);
			name = Lesson;
			sourceTree = "<group>";
		};
		E915D6E71977F35E00846F31 /* Exercises */ = {
			isa = PBXGroup;
			children = (
				E915D6EC1977F3B100846F31 /* ExercisesData.h */,
				E915D6ED1977F3B100846F31 /* ExercisesData.m */,
				E915D6EF1977F3D100846F31 /* ExercisesSelectionDelegate.h */,
			);
			name = Exercises;
			sourceTree = "<group>";
		};
		E915D6F91977FC1900846F31 /* Statistics */ = {
			isa = PBXGroup;
			children = (
				E915D6FA1977FC6100846F31 /* StatisticsData.h */,
				E915D6FB1977FC6100846F31 /* StatisticsData.m */,
				E915D6FD1977FC7800846F31 /* StatisticsSelectionDelegate.h */,
			);
			name = Statistics;
			sourceTree = "<group>";
		};
		E915D6FE1977FCEF00846F31 /* Statistics */ = {
			isa = PBXGroup;
			children = (
				E915D6FF1977FD1000846F31 /* RootStatisticsTableViewController.h */,
				E915D7001977FD1000846F31 /* RootStatisticsTableViewController.m */,
				E915D7021977FD2700846F31 /* DetailStatisticsViewController.h */,
				E915D7031977FD2700846F31 /* DetailStatisticsViewController.m */,
				E915D7051977FD3E00846F31 /* StatisticsViewController.h */,
				E915D7061977FD3E00846F31 /* StatisticsViewController.m */,
			);
			name = Statistics;
			sourceTree = "<group>";
		};
		E915D7081978048B00846F31 /* StartView */ = {
			isa = PBXGroup;
			children = (
				E915D709197804A400846F31 /* StartViewController.h */,
				E915D70A197804A400846F31 /* StartViewController.m */,
			);
			name = StartView;
			sourceTree = "<group>";
		};
		E935AA181976EA4500409E7B /* Data */ = {
			isa = PBXGroup;
			children = (
				E939E1B9197AA5E800EAD654 /* Account */,
				E915D6F91977FC1900846F31 /* Statistics */,
				E915D6E71977F35E00846F31 /* Exercises */,
				E915D6E61977F35500846F31 /* Lesson */,
				E9FEE6111977D39700463B32 /* ModuleViewController.h */,
				E9FEE6121977D39700463B32 /* ModuleViewController.m */,
			);
			name = Data;
			sourceTree = "<group>";
		};
		E939E1B9197AA5E800EAD654 /* Account */ = {
			isa = PBXGroup;
			children = (
				E939E1BA197AA60500EAD654 /* AccountTable.h */,
				E939E1BB197AA60500EAD654 /* AccountTable.m */,
				E9E86D38197AB0FC00CE362D /* AccountTableCellTableViewCell.h */,
				E9E86D39197AB0FC00CE362D /* AccountTableCellTableViewCell.m */,
				E9E86D3B197AB2A600CE362D /* UserAccount.h */,
				E9E86D3C197AB2A600CE362D /* UserAccount.m */,
			);
			name = Account;
			sourceTree = "<group>";
		};
		E9E513FB1976A231001FDA03 = {
			isa = PBXGroup;
			children = (
				E935AA181976EA4500409E7B /* Data */,
				E9E5144C1976A5D1001FDA03 /* ViewControllers */,
				E9E5140D1976A231001FDA03 /* SpeedReader */,
				E9E5142F1976A231001FDA03 /* SpeedReaderTests */,
				E9E514061976A231001FDA03 /* Frameworks */,
				E9E514051976A231001FDA03 /* Products */,
			);
			sourceTree = "<group>";
		};
		E9E514051976A231001FDA03 /* Products */ = {
			isa = PBXGroup;
			children = (
				E9E514041976A231001FDA03 /* SpeedReader.app */,
				E9E514281976A231001FDA03 /* SpeedReaderTests.xctest */,
			);
			name = Products;
			sourceTree = "<group>";
		};
		E9E514061976A231001FDA03 /* Frameworks */ = {
			isa = PBXGroup;
			children = (
				E9E514071976A231001FDA03 /* Foundation.framework */,
				E9E514091976A231001FDA03 /* CoreGraphics.framework */,
				E9E5140B1976A231001FDA03 /* UIKit.framework */,
				E9E514291976A231001FDA03 /* XCTest.framework */,
			);
			name = Frameworks;
			sourceTree = "<group>";
		};
		E9E5140D1976A231001FDA03 /* SpeedReader */ = {
			isa = PBXGroup;
			children = (
				E9E514161976A231001FDA03 /* AppDelegate.h */,
				E9E514171976A231001FDA03 /* AppDelegate.m */,
				E9E514191976A231001FDA03 /* Main_iPhone.storyboard */,
				E9E5141C1976A231001FDA03 /* Main_iPad.storyboard */,
				E9E5141F1976A231001FDA03 /* ViewController.h */,
				E9E514201976A231001FDA03 /* ViewController.m */,
				E9E514221976A231001FDA03 /* Images.xcassets */,
				E9E5140E1976A231001FDA03 /* Supporting Files */,
			);
			path = SpeedReader;
			sourceTree = "<group>";
		};
		E9E5140E1976A231001FDA03 /* Supporting Files */ = {
			isa = PBXGroup;
			children = (
				E9E514471976A281001FDA03 /* Localizable.strings */,
				E9E5140F1976A231001FDA03 /* SpeedReader-Info.plist */,
				E9E514101976A231001FDA03 /* InfoPlist.strings */,
				E9E514131976A231001FDA03 /* main.m */,
				E9E514151976A231001FDA03 /* SpeedReader-Prefix.pch */,
			);
			name = "Supporting Files";
			sourceTree = "<group>";
		};
		E9E5142F1976A231001FDA03 /* SpeedReaderTests */ = {
			isa = PBXGroup;
			children = (
				E9E514351976A231001FDA03 /* SpeedReaderTests.m */,
				E9E514301976A231001FDA03 /* Supporting Files */,
			);
			path = SpeedReaderTests;
			sourceTree = "<group>";
		};
		E9E514301976A231001FDA03 /* Supporting Files */ = {
			isa = PBXGroup;
			children = (
				E9E514311976A231001FDA03 /* SpeedReaderTests-Info.plist */,
				E9E514321976A231001FDA03 /* InfoPlist.strings */,
			);
			name = "Supporting Files";
			sourceTree = "<group>";
		};
		E9E5144C1976A5D1001FDA03 /* ViewControllers */ = {
			isa = PBXGroup;
			children = (
				E915D6E41977F24E00846F31 /* Lesson */,
				E915D7081978048B00846F31 /* StartView */,
				E915D6FE1977FCEF00846F31 /* Statistics */,
				E915D6E51977F25800846F31 /* Exercises */,
				E915D6E31977F23500846F31 /* MainView */,
				E9E514591976A71E001FDA03 /* MainViewController.h */,
				E9E5145A1976A71E001FDA03 /* MainViewController.m */,
			);
			name = ViewControllers;
			sourceTree = "<group>";
		};
/* End PBXGroup section */

/* Begin PBXNativeTarget section */
		E9E514031976A231001FDA03 /* SpeedReader */ = {
			isa = PBXNativeTarget;
			buildConfigurationList = E9E514391976A231001FDA03 /* Build configuration list for PBXNativeTarget "SpeedReader" */;
			buildPhases = (
				E9E514001976A231001FDA03 /* Sources */,
				E9E514011976A231001FDA03 /* Frameworks */,
				E9E514021976A231001FDA03 /* Resources */,
			);
			buildRules = (
			);
			dependencies = (
			);
			name = SpeedReader;
			productName = SpeedReader;
			productReference = E9E514041976A231001FDA03 /* SpeedReader.app */;
			productType = "com.apple.product-type.application";
		};
		E9E514271976A231001FDA03 /* SpeedReaderTests */ = {
			isa = PBXNativeTarget;
			buildConfigurationList = E9E5143C1976A231001FDA03 /* Build configuration list for PBXNativeTarget "SpeedReaderTests" */;
			buildPhases = (
				E9E514241976A231001FDA03 /* Sources */,
				E9E514251976A231001FDA03 /* Frameworks */,
				E9E514261976A231001FDA03 /* Resources */,
			);
			buildRules = (
			);
			dependencies = (
				E9E5142E1976A231001FDA03 /* PBXTargetDependency */,
			);
			name = SpeedReaderTests;
			productName = SpeedReaderTests;
			productReference = E9E514281976A231001FDA03 /* SpeedReaderTests.xctest */;
			productType = "com.apple.product-type.bundle.unit-test";
		};
/* End PBXNativeTarget section */

/* Begin PBXProject section */
		E9E513FC1976A231001FDA03 /* Project object */ = {
			isa = PBXProject;
			attributes = {
				LastUpgradeCheck = 0510;
				ORGANIZATIONNAME = LGBS;
				TargetAttributes = {
					E9E514271976A231001FDA03 = {
						TestTargetID = E9E514031976A231001FDA03;
					};
				};
			};
			buildConfigurationList = E9E513FF1976A231001FDA03 /* Build configuration list for PBXProject "SpeedReader" */;
			compatibilityVersion = "Xcode 3.2";
			developmentRegion = English;
			hasScannedForEncodings = 0;
			knownRegions = (
				en,
				Base,
				pl,
			);
			mainGroup = E9E513FB1976A231001FDA03;
			productRefGroup = E9E514051976A231001FDA03 /* Products */;
			projectDirPath = "";
			projectRoot = "";
			targets = (
				E9E514031976A231001FDA03 /* SpeedReader */,
				E9E514271976A231001FDA03 /* SpeedReaderTests */,
			);
		};
/* End PBXProject section */

/* Begin PBXResourcesBuildPhase section */
		E9E514021976A231001FDA03 /* Resources */ = {
			isa = PBXResourcesBuildPhase;
			buildActionMask = 2147483647;
			files = (
				E9E514451976A281001FDA03 /* Localizable.strings in Resources */,
				E9E5141E1976A231001FDA03 /* Main_iPad.storyboard in Resources */,
				E9E514231976A231001FDA03 /* Images.xcassets in Resources */,
				E9E5141B1976A231001FDA03 /* Main_iPhone.storyboard in Resources */,
				E9E514121976A231001FDA03 /* InfoPlist.strings in Resources */,
			);
			runOnlyForDeploymentPostprocessing = 0;
		};
		E9E514261976A231001FDA03 /* Resources */ = {
			isa = PBXResourcesBuildPhase;
			buildActionMask = 2147483647;
			files = (
				E9E514341976A231001FDA03 /* InfoPlist.strings in Resources */,
			);
			runOnlyForDeploymentPostprocessing = 0;
		};
/* End PBXResourcesBuildPhase section */

/* Begin PBXSourcesBuildPhase section */
		E9E514001976A231001FDA03 /* Sources */ = {
			isa = PBXSourcesBuildPhase;
			buildActionMask = 2147483647;
			files = (
				E935AA1C1976F48900409E7B /* LessonsViewController.m in Sources */,
				E915D6EE1977F3B100846F31 /* ExercisesData.m in Sources */,
				E9E5144F1976A611001FDA03 /* AddAccountViewController.m in Sources */,
				E9E86D3A197AB0FC00CE362D /* AccountTableCellTableViewCell.m in Sources */,
				E935AA171976EA3F00409E7B /* LessonData.m in Sources */,
				E915D6F81977F4BF00846F31 /* ExercisesViewController.m in Sources */,
				E9E5144B1976A5CC001FDA03 /* LoginViewController.m in Sources */,
				E915D6FC1977FC6100846F31 /* StatisticsData.m in Sources */,
				E9E514211976A231001FDA03 /* ViewController.m in Sources */,
				E935AA111976E70F00409E7B /* RootLessonTableViewController.m in Sources */,
				E915D70B197804A400846F31 /* StartViewController.m in Sources */,
				E935AA141976E79000409E7B /* DetailLessonViewController.m in Sources */,
				E9E514521976A623001FDA03 /* DeleteAccountViewController.m in Sources */,
				E9E5145B1976A71E001FDA03 /* MainViewController.m in Sources */,
				E915D6F51977F4A400846F31 /* DetailExercisesViewController.m in Sources */,
				E939E1BC197AA60500EAD654 /* AccountTable.m in Sources */,
				E9E514551976A635001FDA03 /* ImportAccountViewController.m in Sources */,
				E9FEE6131977D39700463B32 /* ModuleViewController.m in Sources */,
				E915D7041977FD2700846F31 /* DetailStatisticsViewController.m in Sources */,
				E9E514181976A231001FDA03 /* AppDelegate.m in Sources */,
				E915D7011977FD1000846F31 /* RootStatisticsTableViewController.m in Sources */,
				E9E514581976A645001FDA03 /* ExportAccountViewController.m in Sources */,
				E9E86D3D197AB2A600CE362D /* UserAccount.m in Sources */,
				E915D7071977FD3E00846F31 /* StatisticsViewController.m in Sources */,
				E9E514141976A231001FDA03 /* main.m in Sources */,
				E915D6F21977F48A00846F31 /* RootExercisesTableViewController.m in Sources */,
			);
			runOnlyForDeploymentPostprocessing = 0;
		};
		E9E514241976A231001FDA03 /* Sources */ = {
			isa = PBXSourcesBuildPhase;
			buildActionMask = 2147483647;
			files = (
				E9E514361976A231001FDA03 /* SpeedReaderTests.m in Sources */,
			);
			runOnlyForDeploymentPostprocessing = 0;
		};
/* End PBXSourcesBuildPhase section */

/* Begin PBXTargetDependency section */
		E9E5142E1976A231001FDA03 /* PBXTargetDependency */ = {
			isa = PBXTargetDependency;
			target = E9E514031976A231001FDA03 /* SpeedReader */;
			targetProxy = E9E5142D1976A231001FDA03 /* PBXContainerItemProxy */;
		};
/* End PBXTargetDependency section */

/* Begin PBXVariantGroup section */
		E9E514101976A231001FDA03 /* InfoPlist.strings */ = {
			isa = PBXVariantGroup;
			children = (
				E9E514111976A231001FDA03 /* en */,
				E9E514431976A277001FDA03 /* pl */,
			);
			name = InfoPlist.strings;
			sourceTree = "<group>";
		};
		E9E514191976A231001FDA03 /* Main_iPhone.storyboard */ = {
			isa = PBXVariantGroup;
			children = (
				E9E5141A1976A231001FDA03 /* Base */,
				E9E514411976A277001FDA03 /* pl */,
			);
			name = Main_iPhone.storyboard;
			sourceTree = "<group>";
		};
		E9E5141C1976A231001FDA03 /* Main_iPad.storyboard */ = {
			isa = PBXVariantGroup;
			children = (
				E9E5141D1976A231001FDA03 /* Base */,
				E9E514421976A277001FDA03 /* pl */,
			);
			name = Main_iPad.storyboard;
			sourceTree = "<group>";
		};
		E9E514321976A231001FDA03 /* InfoPlist.strings */ = {
			isa = PBXVariantGroup;
			children = (
				E9E514331976A231001FDA03 /* en */,
				E9E514441976A277001FDA03 /* pl */,
			);
			name = InfoPlist.strings;
			sourceTree = "<group>";
		};
		E9E514471976A281001FDA03 /* Localizable.strings */ = {
			isa = PBXVariantGroup;
			children = (
				E9E514461976A281001FDA03 /* en */,
				E9E514481976A28A001FDA03 /* pl */,
			);
			name = Localizable.strings;
			sourceTree = "<group>";
		};
/* End PBXVariantGroup section */

/* Begin XCBuildConfiguration section */
		E9E514371976A231001FDA03 /* Debug */ = {
			isa = XCBuildConfiguration;
			buildSettings = {
				ALWAYS_SEARCH_USER_PATHS = NO;
				CLANG_CXX_LANGUAGE_STANDARD = "gnu++0x";
				CLANG_CXX_LIBRARY = "libc++";
				CLANG_ENABLE_MODULES = YES;
				CLANG_ENABLE_OBJC_ARC = YES;
				CLANG_WARN_BOOL_CONVERSION = YES;
				CLANG_WARN_CONSTANT_CONVERSION = YES;
				CLANG_WARN_DIRECT_OBJC_ISA_USAGE = YES_ERROR;
				CLANG_WARN_EMPTY_BODY = YES;
				CLANG_WARN_ENUM_CONVERSION = YES;
				CLANG_WARN_INT_CONVERSION = YES;
				CLANG_WARN_OBJC_ROOT_CLASS = YES_ERROR;
				CLANG_WARN__DUPLICATE_METHOD_MATCH = YES;
				CODE_SIGN_IDENTITY = "";
				"CODE_SIGN_IDENTITY[sdk=iphoneos*]" = "iPhone Developer";
				COPY_PHASE_STRIP = NO;
				GCC_C_LANGUAGE_STANDARD = gnu99;
				GCC_DYNAMIC_NO_PIC = NO;
				GCC_OPTIMIZATION_LEVEL = 0;
				GCC_PREPROCESSOR_DEFINITIONS = (
					"DEBUG=1",
					"$(inherited)",
				);
				GCC_SYMBOLS_PRIVATE_EXTERN = NO;
				GCC_WARN_64_TO_32_BIT_CONVERSION = YES;
				GCC_WARN_ABOUT_RETURN_TYPE = YES_ERROR;
				GCC_WARN_UNDECLARED_SELECTOR = YES;
				GCC_WARN_UNINITIALIZED_AUTOS = YES_AGGRESSIVE;
				GCC_WARN_UNUSED_FUNCTION = YES;
				GCC_WARN_UNUSED_VARIABLE = YES;
				IPHONEOS_DEPLOYMENT_TARGET = 7.0;
				ONLY_ACTIVE_ARCH = YES;
				PROVISIONING_PROFILE = "";
				SDKROOT = iphoneos;
				TARGETED_DEVICE_FAMILY = "1,2";
			};
			name = Debug;
		};
		E9E514381976A231001FDA03 /* Release */ = {
			isa = XCBuildConfiguration;
			buildSettings = {
				ALWAYS_SEARCH_USER_PATHS = NO;
				CLANG_CXX_LANGUAGE_STANDARD = "gnu++0x";
				CLANG_CXX_LIBRARY = "libc++";
				CLANG_ENABLE_MODULES = YES;
				CLANG_ENABLE_OBJC_ARC = YES;
				CLANG_WARN_BOOL_CONVERSION = YES;
				CLANG_WARN_CONSTANT_CONVERSION = YES;
				CLANG_WARN_DIRECT_OBJC_ISA_USAGE = YES_ERROR;
				CLANG_WARN_EMPTY_BODY = YES;
				CLANG_WARN_ENUM_CONVERSION = YES;
				CLANG_WARN_INT_CONVERSION = YES;
				CLANG_WARN_OBJC_ROOT_CLASS = YES_ERROR;
				CLANG_WARN__DUPLICATE_METHOD_MATCH = YES;
				CODE_SIGN_IDENTITY = "";
				"CODE_SIGN_IDENTITY[sdk=iphoneos*]" = "iPhone Developer";
				COPY_PHASE_STRIP = YES;
				ENABLE_NS_ASSERTIONS = NO;
				GCC_C_LANGUAGE_STANDARD = gnu99;
				GCC_WARN_64_TO_32_BIT_CONVERSION = YES;
				GCC_WARN_ABOUT_RETURN_TYPE = YES_ERROR;
				GCC_WARN_UNDECLARED_SELECTOR = YES;
				GCC_WARN_UNINITIALIZED_AUTOS = YES_AGGRESSIVE;
				GCC_WARN_UNUSED_FUNCTION = YES;
				GCC_WARN_UNUSED_VARIABLE = YES;
				IPHONEOS_DEPLOYMENT_TARGET = 7.0;
				PROVISIONING_PROFILE = "";
				SDKROOT = iphoneos;
				TARGETED_DEVICE_FAMILY = "1,2";
				VALIDATE_PRODUCT = YES;
			};
			name = Release;
		};
		E9E5143A1976A231001FDA03 /* Debug */ = {
			isa = XCBuildConfiguration;
			buildSettings = {
				ASSETCATALOG_COMPILER_APPICON_NAME = AppIcon;
				ASSETCATALOG_COMPILER_LAUNCHIMAGE_NAME = LaunchImage;
				CODE_SIGN_IDENTITY = "iPhone Developer";
				"CODE_SIGN_IDENTITY[sdk=iphoneos*]" = "iPhone Developer";
				GCC_PRECOMPILE_PREFIX_HEADER = YES;
				GCC_PREFIX_HEADER = "SpeedReader/SpeedReader-Prefix.pch";
				INFOPLIST_FILE = "SpeedReader/SpeedReader-Info.plist";
				PRODUCT_NAME = "$(TARGET_NAME)";
				PROVISIONING_PROFILE = "";
				WRAPPER_EXTENSION = app;
			};
			name = Debug;
		};
		E9E5143B1976A231001FDA03 /* Release */ = {
			isa = XCBuildConfiguration;
			buildSettings = {
				ASSETCATALOG_COMPILER_APPICON_NAME = AppIcon;
				ASSETCATALOG_COMPILER_LAUNCHIMAGE_NAME = LaunchImage;
				CODE_SIGN_IDENTITY = "iPhone Developer";
				"CODE_SIGN_IDENTITY[sdk=iphoneos*]" = "iPhone Developer";
				GCC_PRECOMPILE_PREFIX_HEADER = YES;
				GCC_PREFIX_HEADER = "SpeedReader/SpeedReader-Prefix.pch";
				INFOPLIST_FILE = "SpeedReader/SpeedReader-Info.plist";
				PRODUCT_NAME = "$(TARGET_NAME)";
				PROVISIONING_PROFILE = "";
				WRAPPER_EXTENSION = app;
			};
			name = Release;
		};
		E9E5143D1976A231001FDA03 /* Debug */ = {
			isa = XCBuildConfiguration;
			buildSettings = {
				BUNDLE_LOADER = "$(BUILT_PRODUCTS_DIR)/SpeedReader.app/SpeedReader";
				FRAMEWORK_SEARCH_PATHS = (
					"$(SDKROOT)/Developer/Library/Frameworks",
					"$(inherited)",
					"$(DEVELOPER_FRAMEWORKS_DIR)",
				);
				GCC_PRECOMPILE_PREFIX_HEADER = YES;
				GCC_PREFIX_HEADER = "SpeedReader/SpeedReader-Prefix.pch";
				GCC_PREPROCESSOR_DEFINITIONS = (
					"DEBUG=1",
					"$(inherited)",
				);
				INFOPLIST_FILE = "SpeedReaderTests/SpeedReaderTests-Info.plist";
				PRODUCT_NAME = "$(TARGET_NAME)";
				TEST_HOST = "$(BUNDLE_LOADER)";
				WRAPPER_EXTENSION = xctest;
			};
			name = Debug;
		};
		E9E5143E1976A231001FDA03 /* Release */ = {
			isa = XCBuildConfiguration;
			buildSettings = {
				BUNDLE_LOADER = "$(BUILT_PRODUCTS_DIR)/SpeedReader.app/SpeedReader";
				FRAMEWORK_SEARCH_PATHS = (
					"$(SDKROOT)/Developer/Library/Frameworks",
					"$(inherited)",
					"$(DEVELOPER_FRAMEWORKS_DIR)",
				);
				GCC_PRECOMPILE_PREFIX_HEADER = YES;
				GCC_PREFIX_HEADER = "SpeedReader/SpeedReader-Prefix.pch";
				INFOPLIST_FILE = "SpeedReaderTests/SpeedReaderTests-Info.plist";
				PRODUCT_NAME = "$(TARGET_NAME)";
				TEST_HOST = "$(BUNDLE_LOADER)";
				WRAPPER_EXTENSION = xctest;
			};
			name = Release;
		};
/* End XCBuildConfiguration section */

/* Begin XCConfigurationList section */
		E9E513FF1976A231001FDA03 /* Build configuration list for PBXProject "SpeedReader" */ = {
			isa = XCConfigurationList;
			buildConfigurations = (
				E9E514371976A231001FDA03 /* Debug */,
				E9E514381976A231001FDA03 /* Release */,
			);
			defaultConfigurationIsVisible = 0;
			defaultConfigurationName = Release;
		};
		E9E514391976A231001FDA03 /* Build configuration list for PBXNativeTarget "SpeedReader" */ = {
			isa = XCConfigurationList;
			buildConfigurations = (
				E9E5143A1976A231001FDA03 /* Debug */,
				E9E5143B1976A231001FDA03 /* Release */,
			);
			defaultConfigurationIsVisible = 0;
			defaultConfigurationName = Release;
		};
		E9E5143C1976A231001FDA03 /* Build configuration list for PBXNativeTarget "SpeedReaderTests" */ = {
			isa = XCConfigurationList;
			buildConfigurations = (
				E9E5143D1976A231001FDA03 /* Debug */,
				E9E5143E1976A231001FDA03 /* Release */,
			);
			defaultConfigurationIsVisible = 0;
			defaultConfigurationName = Release;
		};
/* End XCConfigurationList section */
	};
	rootObject = E9E513FC1976A231001FDA03 /* Project object */;
}
