// !$*UTF8*$!
{
	archiveVersion = 1;
	classes = {
	};
	objectVersion = 46;
	objects = {

/* Begin PBXBuildFile section */
		E90248DC197D42CF004ADAEC /* GDataXMLNode.m in Sources */ = {isa = PBXBuildFile; fileRef = E90248DB197D42CF004ADAEC /* GDataXMLNode.m */; settings = {COMPILER_FLAGS = "-fno-objc-arc"; }; };
		E915D6EE1977F3B100846F31 /* ExercisesData.m in Sources */ = {isa = PBXBuildFile; fileRef = E915D6ED1977F3B100846F31 /* ExercisesData.m */; };
		E915D6F21977F48A00846F31 /* RootExercisesTableViewController.m in Sources */ = {isa = PBXBuildFile; fileRef = E915D6F11977F48A00846F31 /* RootExercisesTableViewController.m */; };
		E915D6F51977F4A400846F31 /* DetailExercisesViewController.m in Sources */ = {isa = PBXBuildFile; fileRef = E915D6F41977F4A400846F31 /* DetailExercisesViewController.m */; };
		E915D6F81977F4BF00846F31 /* ExercisesViewController.m in Sources */ = {isa = PBXBuildFile; fileRef = E915D6F71977F4BF00846F31 /* ExercisesViewController.m */; };
		E915D6FC1977FC6100846F31 /* StatisticsData.m in Sources */ = {isa = PBXBuildFile; fileRef = E915D6FB1977FC6100846F31 /* StatisticsData.m */; };
		E915D7011977FD1000846F31 /* RootStatisticsTableViewController.m in Sources */ = {isa = PBXBuildFile; fileRef = E915D7001977FD1000846F31 /* RootStatisticsTableViewController.m */; };
		E915D7041977FD2700846F31 /* DetailStatisticsViewController.m in Sources */ = {isa = PBXBuildFile; fileRef = E915D7031977FD2700846F31 /* DetailStatisticsViewController.m */; };
		E915D7071977FD3E00846F31 /* StatisticsViewController.m in Sources */ = {isa = PBXBuildFile; fileRef = E915D7061977FD3E00846F31 /* StatisticsViewController.m */; };
		E915D70B197804A400846F31 /* StartViewController.m in Sources */ = {isa = PBXBuildFile; fileRef = E915D70A197804A400846F31 /* StartViewController.m */; };
		E91EF1E6198CF92A00069359 /* ListAccountToImportTableViewController.m in Sources */ = {isa = PBXBuildFile; fileRef = E91EF1E5198CF92A00069359 /* ListAccountToImportTableViewController.m */; };
		E926944E198FEBF900BE1BEF /* SpeedReader.xcdatamodeld in Sources */ = {isa = PBXBuildFile; fileRef = E926944C198FEBF900BE1BEF /* SpeedReader.xcdatamodeld */; };
		E926944F198FEC8D00BE1BEF /* CoreData.framework in Frameworks */ = {isa = PBXBuildFile; fileRef = E90248D4197D2D81004ADAEC /* CoreData.framework */; };
		E92BB5331992BF9F006D2E56 /* MetronumViewController.m in Sources */ = {isa = PBXBuildFile; fileRef = E92BB5321992BF9F006D2E56 /* MetronumViewController.m */; };
		E92BB5361992BFAC006D2E56 /* TimerViewController.m in Sources */ = {isa = PBXBuildFile; fileRef = E92BB5351992BFAC006D2E56 /* TimerViewController.m */; };
		E935AA111976E70F00409E7B /* RootLessonTableViewController.m in Sources */ = {isa = PBXBuildFile; fileRef = E935AA101976E70F00409E7B /* RootLessonTableViewController.m */; };
		E935AA141976E79000409E7B /* DetailLessonViewController.m in Sources */ = {isa = PBXBuildFile; fileRef = E935AA131976E79000409E7B /* DetailLessonViewController.m */; };
		E935AA171976EA3F00409E7B /* LessonData.m in Sources */ = {isa = PBXBuildFile; fileRef = E935AA161976EA3F00409E7B /* LessonData.m */; };
		E935AA1C1976F48900409E7B /* LessonsViewController.m in Sources */ = {isa = PBXBuildFile; fileRef = E935AA1B1976F48900409E7B /* LessonsViewController.m */; };
		E9371E73198D26B100DFCBF0 /* AppDataObject.m in Sources */ = {isa = PBXBuildFile; fileRef = E9371E72198D26B100DFCBF0 /* AppDataObject.m */; };
		E9371E76198D272B00DFCBF0 /* SharedData.m in Sources */ = {isa = PBXBuildFile; fileRef = E9371E75198D272B00DFCBF0 /* SharedData.m */; };
		E939E1BC197AA60500EAD654 /* AccountTable.m in Sources */ = {isa = PBXBuildFile; fileRef = E939E1BB197AA60500EAD654 /* AccountTable.m */; };
		E93BC5B019815FA700DE3408 /* ioapi.c in Sources */ = {isa = PBXBuildFile; fileRef = E93BC58419815FA700DE3408 /* ioapi.c */; };
		E93BC5B119815FA700DE3408 /* unzip.c in Sources */ = {isa = PBXBuildFile; fileRef = E93BC58619815FA700DE3408 /* unzip.c */; };
		E93BC5B219815FA700DE3408 /* zip.c in Sources */ = {isa = PBXBuildFile; fileRef = E93BC58819815FA700DE3408 /* zip.c */; };
		E93BC5B319815FA700DE3408 /* FileInZipInfo.m in Sources */ = {isa = PBXBuildFile; fileRef = E93BC58C19815FA700DE3408 /* FileInZipInfo.m */; };
		E93BC5B419815FA700DE3408 /* ZipException.m in Sources */ = {isa = PBXBuildFile; fileRef = E93BC58E19815FA700DE3408 /* ZipException.m */; };
		E93BC5B519815FA700DE3408 /* ZipFile.m in Sources */ = {isa = PBXBuildFile; fileRef = E93BC59019815FA700DE3408 /* ZipFile.m */; };
		E93BC5B619815FA700DE3408 /* ZipReadStream.m in Sources */ = {isa = PBXBuildFile; fileRef = E93BC59219815FA700DE3408 /* ZipReadStream.m */; };
		E93BC5B719815FA700DE3408 /* ZipWriteStream.m in Sources */ = {isa = PBXBuildFile; fileRef = E93BC59419815FA700DE3408 /* ZipWriteStream.m */; };
		E93BC5B819815FA700DE3408 /* adler32.c in Sources */ = {isa = PBXBuildFile; fileRef = E93BC59619815FA700DE3408 /* adler32.c */; };
		E93BC5B919815FA700DE3408 /* compress.c in Sources */ = {isa = PBXBuildFile; fileRef = E93BC59719815FA700DE3408 /* compress.c */; };
		E93BC5BA19815FA700DE3408 /* crc32.c in Sources */ = {isa = PBXBuildFile; fileRef = E93BC59819815FA700DE3408 /* crc32.c */; };
		E93BC5BB19815FA700DE3408 /* deflate.c in Sources */ = {isa = PBXBuildFile; fileRef = E93BC59A19815FA700DE3408 /* deflate.c */; };
		E93BC5BC19815FA700DE3408 /* gzclose.c in Sources */ = {isa = PBXBuildFile; fileRef = E93BC59C19815FA700DE3408 /* gzclose.c */; };
		E93BC5BD19815FA700DE3408 /* gzlib.c in Sources */ = {isa = PBXBuildFile; fileRef = E93BC59E19815FA700DE3408 /* gzlib.c */; };
		E93BC5BE19815FA700DE3408 /* gzread.c in Sources */ = {isa = PBXBuildFile; fileRef = E93BC59F19815FA700DE3408 /* gzread.c */; };
		E93BC5BF19815FA700DE3408 /* gzwrite.c in Sources */ = {isa = PBXBuildFile; fileRef = E93BC5A019815FA700DE3408 /* gzwrite.c */; };
		E93BC5C019815FA700DE3408 /* infback.c in Sources */ = {isa = PBXBuildFile; fileRef = E93BC5A119815FA700DE3408 /* infback.c */; };
		E93BC5C119815FA700DE3408 /* inffast.c in Sources */ = {isa = PBXBuildFile; fileRef = E93BC5A219815FA700DE3408 /* inffast.c */; };
		E93BC5C219815FA700DE3408 /* inflate.c in Sources */ = {isa = PBXBuildFile; fileRef = E93BC5A519815FA700DE3408 /* inflate.c */; };
		E93BC5C319815FA700DE3408 /* inftrees.c in Sources */ = {isa = PBXBuildFile; fileRef = E93BC5A719815FA700DE3408 /* inftrees.c */; };
		E93BC5C419815FA700DE3408 /* trees.c in Sources */ = {isa = PBXBuildFile; fileRef = E93BC5A919815FA700DE3408 /* trees.c */; };
		E93BC5C519815FA700DE3408 /* uncompr.c in Sources */ = {isa = PBXBuildFile; fileRef = E93BC5AB19815FA700DE3408 /* uncompr.c */; };
		E93BC5C619815FA700DE3408 /* zutil.c in Sources */ = {isa = PBXBuildFile; fileRef = E93BC5AE19815FA700DE3408 /* zutil.c */; };
		E944DC3C19939A0F00A0442D /* SettingsViewController.m in Sources */ = {isa = PBXBuildFile; fileRef = E944DC3B19939A0F00A0442D /* SettingsViewController.m */; };
		E97618B01990F5EB006CD981 /* MessageUI.framework in Frameworks */ = {isa = PBXBuildFile; fileRef = E97618AF1990F5EB006CD981 /* MessageUI.framework */; };
		E9A18158197E77E60046B48E /* UserParser.m in Sources */ = {isa = PBXBuildFile; fileRef = E9A18157197E77E60046B48E /* UserParser.m */; };
		E9AC08C1198FFD6300ACD0C5 /* UserAccountForDB.m in Sources */ = {isa = PBXBuildFile; fileRef = E9AC08C0198FFD6300ACD0C5 /* UserAccountForDB.m */; };
		E9AC08C51990010B00ACD0C5 /* SettingsForDB.m in Sources */ = {isa = PBXBuildFile; fileRef = E9AC08C41990010B00ACD0C5 /* SettingsForDB.m */; };
		E9E514081976A231001FDA03 /* Foundation.framework in Frameworks */ = {isa = PBXBuildFile; fileRef = E9E514071976A231001FDA03 /* Foundation.framework */; };
		E9E5140A1976A231001FDA03 /* CoreGraphics.framework in Frameworks */ = {isa = PBXBuildFile; fileRef = E9E514091976A231001FDA03 /* CoreGraphics.framework */; };
		E9E5140C1976A231001FDA03 /* UIKit.framework in Frameworks */ = {isa = PBXBuildFile; fileRef = E9E5140B1976A231001FDA03 /* UIKit.framework */; };
		E9E514121976A231001FDA03 /* InfoPlist.strings in Resources */ = {isa = PBXBuildFile; fileRef = E9E514101976A231001FDA03 /* InfoPlist.strings */; };
		E9E514141976A231001FDA03 /* main.m in Sources */ = {isa = PBXBuildFile; fileRef = E9E514131976A231001FDA03 /* main.m */; };
		E9E514181976A231001FDA03 /* AppDelegate.m in Sources */ = {isa = PBXBuildFile; fileRef = E9E514171976A231001FDA03 /* AppDelegate.m */; };
		E9E5141B1976A231001FDA03 /* Main_iPhone.storyboard in Resources */ = {isa = PBXBuildFile; fileRef = E9E514191976A231001FDA03 /* Main_iPhone.storyboard */; };
		E9E5141E1976A231001FDA03 /* Main_iPad.storyboard in Resources */ = {isa = PBXBuildFile; fileRef = E9E5141C1976A231001FDA03 /* Main_iPad.storyboard */; };
		E9E514211976A231001FDA03 /* ViewController.m in Sources */ = {isa = PBXBuildFile; fileRef = E9E514201976A231001FDA03 /* ViewController.m */; };
		E9E514231976A231001FDA03 /* Images.xcassets in Resources */ = {isa = PBXBuildFile; fileRef = E9E514221976A231001FDA03 /* Images.xcassets */; };
		E9E5142A1976A231001FDA03 /* XCTest.framework in Frameworks */ = {isa = PBXBuildFile; fileRef = E9E514291976A231001FDA03 /* XCTest.framework */; };
		E9E5142B1976A231001FDA03 /* Foundation.framework in Frameworks */ = {isa = PBXBuildFile; fileRef = E9E514071976A231001FDA03 /* Foundation.framework */; };
		E9E5142C1976A231001FDA03 /* UIKit.framework in Frameworks */ = {isa = PBXBuildFile; fileRef = E9E5140B1976A231001FDA03 /* UIKit.framework */; };
		E9E514341976A231001FDA03 /* InfoPlist.strings in Resources */ = {isa = PBXBuildFile; fileRef = E9E514321976A231001FDA03 /* InfoPlist.strings */; };
		E9E514361976A231001FDA03 /* SpeedReaderTests.m in Sources */ = {isa = PBXBuildFile; fileRef = E9E514351976A231001FDA03 /* SpeedReaderTests.m */; };
		E9E514451976A281001FDA03 /* Localizable.strings in Resources */ = {isa = PBXBuildFile; fileRef = E9E514471976A281001FDA03 /* Localizable.strings */; };
		E9E5144B1976A5CC001FDA03 /* LoginViewController.m in Sources */ = {isa = PBXBuildFile; fileRef = E9E5144A1976A5CC001FDA03 /* LoginViewController.m */; };
		E9E5144F1976A611001FDA03 /* AddAccountViewController.m in Sources */ = {isa = PBXBuildFile; fileRef = E9E5144E1976A611001FDA03 /* AddAccountViewController.m */; };
		E9E514521976A623001FDA03 /* DeleteAccountViewController.m in Sources */ = {isa = PBXBuildFile; fileRef = E9E514511976A623001FDA03 /* DeleteAccountViewController.m */; };
		E9E514551976A635001FDA03 /* ImportAccountViewController.m in Sources */ = {isa = PBXBuildFile; fileRef = E9E514541976A635001FDA03 /* ImportAccountViewController.m */; };
		E9E514581976A645001FDA03 /* ExportAccountViewController.m in Sources */ = {isa = PBXBuildFile; fileRef = E9E514571976A645001FDA03 /* ExportAccountViewController.m */; };
		E9E5145B1976A71E001FDA03 /* MainViewController.m in Sources */ = {isa = PBXBuildFile; fileRef = E9E5145A1976A71E001FDA03 /* MainViewController.m */; };
		E9E86D3A197AB0FC00CE362D /* AccountTableCellTableViewCell.m in Sources */ = {isa = PBXBuildFile; fileRef = E9E86D39197AB0FC00CE362D /* AccountTableCellTableViewCell.m */; };
		E9FEE6131977D39700463B32 /* ModuleViewController.m in Sources */ = {isa = PBXBuildFile; fileRef = E9FEE6121977D39700463B32 /* ModuleViewController.m */; };
/* End PBXBuildFile section */

/* Begin PBXContainerItemProxy section */
		E9E5142D1976A231001FDA03 /* PBXContainerItemProxy */ = {
			isa = PBXContainerItemProxy;
			containerPortal = E9E513FC1976A231001FDA03 /* Project object */;
			proxyType = 1;
			remoteGlobalIDString = E9E514031976A231001FDA03;
			remoteInfo = SpeedReader;
		};
/* End PBXContainerItemProxy section */

/* Begin PBXFileReference section */
		E90248D4197D2D81004ADAEC /* CoreData.framework */ = {isa = PBXFileReference; lastKnownFileType = wrapper.framework; name = CoreData.framework; path = System/Library/Frameworks/CoreData.framework; sourceTree = SDKROOT; };
		E90248DA197D42CF004ADAEC /* GDataXMLNode.h */ = {isa = PBXFileReference; fileEncoding = 4; lastKnownFileType = sourcecode.c.h; path = GDataXMLNode.h; sourceTree = "<group>"; };
		E90248DB197D42CF004ADAEC /* GDataXMLNode.m */ = {isa = PBXFileReference; fileEncoding = 4; lastKnownFileType = sourcecode.c.objc; path = GDataXMLNode.m; sourceTree = "<group>"; };
		E915D6EC1977F3B100846F31 /* ExercisesData.h */ = {isa = PBXFileReference; fileEncoding = 4; lastKnownFileType = sourcecode.c.h; name = ExercisesData.h; path = SpeedReader/Data/ExercisesData.h; sourceTree = "<group>"; };
		E915D6ED1977F3B100846F31 /* ExercisesData.m */ = {isa = PBXFileReference; fileEncoding = 4; lastKnownFileType = sourcecode.c.objc; name = ExercisesData.m; path = SpeedReader/Data/ExercisesData.m; sourceTree = "<group>"; };
		E915D6EF1977F3D100846F31 /* ExercisesSelectionDelegate.h */ = {isa = PBXFileReference; lastKnownFileType = sourcecode.c.h; name = ExercisesSelectionDelegate.h; path = SpeedReader/Data/ExercisesSelectionDelegate.h; sourceTree = "<group>"; };
		E915D6F01977F48A00846F31 /* RootExercisesTableViewController.h */ = {isa = PBXFileReference; fileEncoding = 4; lastKnownFileType = sourcecode.c.h; name = RootExercisesTableViewController.h; path = SpeedReader/ViewControllers/RootExercisesTableViewController.h; sourceTree = "<group>"; };
		E915D6F11977F48A00846F31 /* RootExercisesTableViewController.m */ = {isa = PBXFileReference; fileEncoding = 4; lastKnownFileType = sourcecode.c.objc; name = RootExercisesTableViewController.m; path = SpeedReader/ViewControllers/RootExercisesTableViewController.m; sourceTree = "<group>"; };
		E915D6F31977F4A400846F31 /* DetailExercisesViewController.h */ = {isa = PBXFileReference; fileEncoding = 4; lastKnownFileType = sourcecode.c.h; name = DetailExercisesViewController.h; path = SpeedReader/ViewControllers/DetailExercisesViewController.h; sourceTree = "<group>"; };
		E915D6F41977F4A400846F31 /* DetailExercisesViewController.m */ = {isa = PBXFileReference; fileEncoding = 4; lastKnownFileType = sourcecode.c.objc; name = DetailExercisesViewController.m; path = SpeedReader/ViewControllers/DetailExercisesViewController.m; sourceTree = "<group>"; };
		E915D6F61977F4BF00846F31 /* ExercisesViewController.h */ = {isa = PBXFileReference; fileEncoding = 4; lastKnownFileType = sourcecode.c.h; name = ExercisesViewController.h; path = SpeedReader/ViewControllers/ExercisesViewController.h; sourceTree = "<group>"; };
		E915D6F71977F4BF00846F31 /* ExercisesViewController.m */ = {isa = PBXFileReference; fileEncoding = 4; lastKnownFileType = sourcecode.c.objc; name = ExercisesViewController.m; path = SpeedReader/ViewControllers/ExercisesViewController.m; sourceTree = "<group>"; };
		E915D6FA1977FC6100846F31 /* StatisticsData.h */ = {isa = PBXFileReference; fileEncoding = 4; lastKnownFileType = sourcecode.c.h; name = StatisticsData.h; path = SpeedReader/Data/StatisticsData.h; sourceTree = "<group>"; };
		E915D6FB1977FC6100846F31 /* StatisticsData.m */ = {isa = PBXFileReference; fileEncoding = 4; lastKnownFileType = sourcecode.c.objc; name = StatisticsData.m; path = SpeedReader/Data/StatisticsData.m; sourceTree = "<group>"; };
		E915D6FD1977FC7800846F31 /* StatisticsSelectionDelegate.h */ = {isa = PBXFileReference; lastKnownFileType = sourcecode.c.h; name = StatisticsSelectionDelegate.h; path = SpeedReader/Data/StatisticsSelectionDelegate.h; sourceTree = "<group>"; };
		E915D6FF1977FD1000846F31 /* RootStatisticsTableViewController.h */ = {isa = PBXFileReference; fileEncoding = 4; lastKnownFileType = sourcecode.c.h; name = RootStatisticsTableViewController.h; path = SpeedReader/ViewControllers/RootStatisticsTableViewController.h; sourceTree = "<group>"; };
		E915D7001977FD1000846F31 /* RootStatisticsTableViewController.m */ = {isa = PBXFileReference; fileEncoding = 4; lastKnownFileType = sourcecode.c.objc; name = RootStatisticsTableViewController.m; path = SpeedReader/ViewControllers/RootStatisticsTableViewController.m; sourceTree = "<group>"; };
		E915D7021977FD2700846F31 /* DetailStatisticsViewController.h */ = {isa = PBXFileReference; fileEncoding = 4; lastKnownFileType = sourcecode.c.h; name = DetailStatisticsViewController.h; path = SpeedReader/ViewControllers/DetailStatisticsViewController.h; sourceTree = "<group>"; };
		E915D7031977FD2700846F31 /* DetailStatisticsViewController.m */ = {isa = PBXFileReference; fileEncoding = 4; lastKnownFileType = sourcecode.c.objc; name = DetailStatisticsViewController.m; path = SpeedReader/ViewControllers/DetailStatisticsViewController.m; sourceTree = "<group>"; };
		E915D7051977FD3E00846F31 /* StatisticsViewController.h */ = {isa = PBXFileReference; fileEncoding = 4; lastKnownFileType = sourcecode.c.h; name = StatisticsViewController.h; path = SpeedReader/ViewControllers/StatisticsViewController.h; sourceTree = "<group>"; };
		E915D7061977FD3E00846F31 /* StatisticsViewController.m */ = {isa = PBXFileReference; fileEncoding = 4; lastKnownFileType = sourcecode.c.objc; name = StatisticsViewController.m; path = SpeedReader/ViewControllers/StatisticsViewController.m; sourceTree = "<group>"; };
		E915D709197804A400846F31 /* StartViewController.h */ = {isa = PBXFileReference; fileEncoding = 4; lastKnownFileType = sourcecode.c.h; name = StartViewController.h; path = SpeedReader/ViewControllers/StartViewController.h; sourceTree = "<group>"; };
		E915D70A197804A400846F31 /* StartViewController.m */ = {isa = PBXFileReference; fileEncoding = 4; lastKnownFileType = sourcecode.c.objc; name = StartViewController.m; path = SpeedReader/ViewControllers/StartViewController.m; sourceTree = "<group>"; };
		E91EF1E4198CF92A00069359 /* ListAccountToImportTableViewController.h */ = {isa = PBXFileReference; fileEncoding = 4; lastKnownFileType = sourcecode.c.h; name = ListAccountToImportTableViewController.h; path = SpeedReader/ViewControllers/ListAccountToImportTableViewController.h; sourceTree = "<group>"; };
		E91EF1E5198CF92A00069359 /* ListAccountToImportTableViewController.m */ = {isa = PBXFileReference; fileEncoding = 4; lastKnownFileType = sourcecode.c.objc; name = ListAccountToImportTableViewController.m; path = SpeedReader/ViewControllers/ListAccountToImportTableViewController.m; sourceTree = "<group>"; };
		E926944D198FEBF900BE1BEF /* SpeedReader.xcdatamodel */ = {isa = PBXFileReference; lastKnownFileType = wrapper.xcdatamodel; path = SpeedReader.xcdatamodel; sourceTree = "<group>"; };
		E92BB5301992BE74006D2E56 /* en */ = {isa = PBXFileReference; lastKnownFileType = text.plist.strings; name = en; path = en.lproj/Main_iPad.strings; sourceTree = "<group>"; };
		E92BB5311992BF9F006D2E56 /* MetronumViewController.h */ = {isa = PBXFileReference; fileEncoding = 4; lastKnownFileType = sourcecode.c.h; name = MetronumViewController.h; path = SpeedReader/ViewControllers/MetronumViewController.h; sourceTree = "<group>"; };
		E92BB5321992BF9F006D2E56 /* MetronumViewController.m */ = {isa = PBXFileReference; fileEncoding = 4; lastKnownFileType = sourcecode.c.objc; name = MetronumViewController.m; path = SpeedReader/ViewControllers/MetronumViewController.m; sourceTree = "<group>"; };
		E92BB5341992BFAC006D2E56 /* TimerViewController.h */ = {isa = PBXFileReference; fileEncoding = 4; lastKnownFileType = sourcecode.c.h; name = TimerViewController.h; path = SpeedReader/ViewControllers/TimerViewController.h; sourceTree = "<group>"; };
		E92BB5351992BFAC006D2E56 /* TimerViewController.m */ = {isa = PBXFileReference; fileEncoding = 4; lastKnownFileType = sourcecode.c.objc; name = TimerViewController.m; path = SpeedReader/ViewControllers/TimerViewController.m; sourceTree = "<group>"; };
		E935AA0F1976E70F00409E7B /* RootLessonTableViewController.h */ = {isa = PBXFileReference; fileEncoding = 4; lastKnownFileType = sourcecode.c.h; name = RootLessonTableViewController.h; path = SpeedReader/ViewControllers/RootLessonTableViewController.h; sourceTree = "<group>"; };
		E935AA101976E70F00409E7B /* RootLessonTableViewController.m */ = {isa = PBXFileReference; fileEncoding = 4; lastKnownFileType = sourcecode.c.objc; name = RootLessonTableViewController.m; path = SpeedReader/ViewControllers/RootLessonTableViewController.m; sourceTree = "<group>"; };
		E935AA121976E79000409E7B /* DetailLessonViewController.h */ = {isa = PBXFileReference; fileEncoding = 4; lastKnownFileType = sourcecode.c.h; name = DetailLessonViewController.h; path = SpeedReader/ViewControllers/DetailLessonViewController.h; sourceTree = "<group>"; };
		E935AA131976E79000409E7B /* DetailLessonViewController.m */ = {isa = PBXFileReference; fileEncoding = 4; lastKnownFileType = sourcecode.c.objc; name = DetailLessonViewController.m; path = SpeedReader/ViewControllers/DetailLessonViewController.m; sourceTree = "<group>"; };
		E935AA151976EA3F00409E7B /* LessonData.h */ = {isa = PBXFileReference; fileEncoding = 4; lastKnownFileType = sourcecode.c.h; name = LessonData.h; path = SpeedReader/Data/LessonData.h; sourceTree = "<group>"; };
		E935AA161976EA3F00409E7B /* LessonData.m */ = {isa = PBXFileReference; fileEncoding = 4; lastKnownFileType = sourcecode.c.objc; name = LessonData.m; path = SpeedReader/Data/LessonData.m; sourceTree = "<group>"; };
		E935AA191976F29700409E7B /* LessonSelectionDelegate.h */ = {isa = PBXFileReference; lastKnownFileType = sourcecode.c.h; name = LessonSelectionDelegate.h; path = SpeedReader/Data/LessonSelectionDelegate.h; sourceTree = "<group>"; };
		E935AA1A1976F48900409E7B /* LessonsViewController.h */ = {isa = PBXFileReference; fileEncoding = 4; lastKnownFileType = sourcecode.c.h; name = LessonsViewController.h; path = SpeedReader/ViewControllers/LessonsViewController.h; sourceTree = "<group>"; };
		E935AA1B1976F48900409E7B /* LessonsViewController.m */ = {isa = PBXFileReference; fileEncoding = 4; lastKnownFileType = sourcecode.c.objc; name = LessonsViewController.m; path = SpeedReader/ViewControllers/LessonsViewController.m; sourceTree = "<group>"; };
		E9371E70198D268C00DFCBF0 /* AppDelegateDataShared.h */ = {isa = PBXFileReference; lastKnownFileType = sourcecode.c.h; name = AppDelegateDataShared.h; path = SpeedReader/Data/AppDelegateDataShared.h; sourceTree = "<group>"; };
		E9371E71198D26B100DFCBF0 /* AppDataObject.h */ = {isa = PBXFileReference; fileEncoding = 4; lastKnownFileType = sourcecode.c.h; name = AppDataObject.h; path = SpeedReader/Data/AppDataObject.h; sourceTree = "<group>"; };
		E9371E72198D26B100DFCBF0 /* AppDataObject.m */ = {isa = PBXFileReference; fileEncoding = 4; lastKnownFileType = sourcecode.c.objc; name = AppDataObject.m; path = SpeedReader/Data/AppDataObject.m; sourceTree = "<group>"; };
		E9371E74198D272B00DFCBF0 /* SharedData.h */ = {isa = PBXFileReference; fileEncoding = 4; lastKnownFileType = sourcecode.c.h; name = SharedData.h; path = SpeedReader/Data/SharedData.h; sourceTree = "<group>"; };
		E9371E75198D272B00DFCBF0 /* SharedData.m */ = {isa = PBXFileReference; fileEncoding = 4; lastKnownFileType = sourcecode.c.objc; name = SharedData.m; path = SpeedReader/Data/SharedData.m; sourceTree = "<group>"; };
		E939E1BA197AA60500EAD654 /* AccountTable.h */ = {isa = PBXFileReference; fileEncoding = 4; lastKnownFileType = sourcecode.c.h; name = AccountTable.h; path = SpeedReader/Data/AccountTable.h; sourceTree = "<group>"; };
		E939E1BB197AA60500EAD654 /* AccountTable.m */ = {isa = PBXFileReference; fileEncoding = 4; lastKnownFileType = sourcecode.c.objc; name = AccountTable.m; path = SpeedReader/Data/AccountTable.m; sourceTree = "<group>"; };
		E93BC58119815FA700DE3408 /* ARCHelper.h */ = {isa = PBXFileReference; fileEncoding = 4; lastKnownFileType = sourcecode.c.h; path = ARCHelper.h; sourceTree = "<group>"; };
		E93BC58319815FA700DE3408 /* crypt.h */ = {isa = PBXFileReference; fileEncoding = 4; lastKnownFileType = sourcecode.c.h; path = crypt.h; sourceTree = "<group>"; };
		E93BC58419815FA700DE3408 /* ioapi.c */ = {isa = PBXFileReference; fileEncoding = 4; lastKnownFileType = sourcecode.c.c; path = ioapi.c; sourceTree = "<group>"; };
		E93BC58519815FA700DE3408 /* ioapi.h */ = {isa = PBXFileReference; fileEncoding = 4; lastKnownFileType = sourcecode.c.h; path = ioapi.h; sourceTree = "<group>"; };
		E93BC58619815FA700DE3408 /* unzip.c */ = {isa = PBXFileReference; fileEncoding = 4; lastKnownFileType = sourcecode.c.c; path = unzip.c; sourceTree = "<group>"; };
		E93BC58719815FA700DE3408 /* unzip.h */ = {isa = PBXFileReference; fileEncoding = 4; lastKnownFileType = sourcecode.c.h; path = unzip.h; sourceTree = "<group>"; };
		E93BC58819815FA700DE3408 /* zip.c */ = {isa = PBXFileReference; fileEncoding = 4; lastKnownFileType = sourcecode.c.c; path = zip.c; sourceTree = "<group>"; };
		E93BC58919815FA700DE3408 /* zip.h */ = {isa = PBXFileReference; fileEncoding = 4; lastKnownFileType = sourcecode.c.h; path = zip.h; sourceTree = "<group>"; };
		E93BC58B19815FA700DE3408 /* FileInZipInfo.h */ = {isa = PBXFileReference; fileEncoding = 4; lastKnownFileType = sourcecode.c.h; path = FileInZipInfo.h; sourceTree = "<group>"; };
		E93BC58C19815FA700DE3408 /* FileInZipInfo.m */ = {isa = PBXFileReference; fileEncoding = 4; lastKnownFileType = sourcecode.c.objc; path = FileInZipInfo.m; sourceTree = "<group>"; };
		E93BC58D19815FA700DE3408 /* ZipException.h */ = {isa = PBXFileReference; fileEncoding = 4; lastKnownFileType = sourcecode.c.h; path = ZipException.h; sourceTree = "<group>"; };
		E93BC58E19815FA700DE3408 /* ZipException.m */ = {isa = PBXFileReference; fileEncoding = 4; lastKnownFileType = sourcecode.c.objc; path = ZipException.m; sourceTree = "<group>"; };
		E93BC58F19815FA700DE3408 /* ZipFile.h */ = {isa = PBXFileReference; fileEncoding = 4; lastKnownFileType = sourcecode.c.h; path = ZipFile.h; sourceTree = "<group>"; };
		E93BC59019815FA700DE3408 /* ZipFile.m */ = {isa = PBXFileReference; fileEncoding = 4; lastKnownFileType = sourcecode.c.objc; path = ZipFile.m; sourceTree = "<group>"; };
		E93BC59119815FA700DE3408 /* ZipReadStream.h */ = {isa = PBXFileReference; fileEncoding = 4; lastKnownFileType = sourcecode.c.h; path = ZipReadStream.h; sourceTree = "<group>"; };
		E93BC59219815FA700DE3408 /* ZipReadStream.m */ = {isa = PBXFileReference; fileEncoding = 4; lastKnownFileType = sourcecode.c.objc; path = ZipReadStream.m; sourceTree = "<group>"; };
		E93BC59319815FA700DE3408 /* ZipWriteStream.h */ = {isa = PBXFileReference; fileEncoding = 4; lastKnownFileType = sourcecode.c.h; path = ZipWriteStream.h; sourceTree = "<group>"; };
		E93BC59419815FA700DE3408 /* ZipWriteStream.m */ = {isa = PBXFileReference; fileEncoding = 4; lastKnownFileType = sourcecode.c.objc; path = ZipWriteStream.m; sourceTree = "<group>"; };
		E93BC59619815FA700DE3408 /* adler32.c */ = {isa = PBXFileReference; fileEncoding = 4; lastKnownFileType = sourcecode.c.c; path = adler32.c; sourceTree = "<group>"; };
		E93BC59719815FA700DE3408 /* compress.c */ = {isa = PBXFileReference; fileEncoding = 4; lastKnownFileType = sourcecode.c.c; path = compress.c; sourceTree = "<group>"; };
		E93BC59819815FA700DE3408 /* crc32.c */ = {isa = PBXFileReference; fileEncoding = 4; lastKnownFileType = sourcecode.c.c; path = crc32.c; sourceTree = "<group>"; };
		E93BC59919815FA700DE3408 /* crc32.h */ = {isa = PBXFileReference; fileEncoding = 4; lastKnownFileType = sourcecode.c.h; path = crc32.h; sourceTree = "<group>"; };
		E93BC59A19815FA700DE3408 /* deflate.c */ = {isa = PBXFileReference; fileEncoding = 4; lastKnownFileType = sourcecode.c.c; path = deflate.c; sourceTree = "<group>"; };
		E93BC59B19815FA700DE3408 /* deflate.h */ = {isa = PBXFileReference; fileEncoding = 4; lastKnownFileType = sourcecode.c.h; path = deflate.h; sourceTree = "<group>"; };
		E93BC59C19815FA700DE3408 /* gzclose.c */ = {isa = PBXFileReference; fileEncoding = 4; lastKnownFileType = sourcecode.c.c; path = gzclose.c; sourceTree = "<group>"; };
		E93BC59D19815FA700DE3408 /* gzguts.h */ = {isa = PBXFileReference; fileEncoding = 4; lastKnownFileType = sourcecode.c.h; path = gzguts.h; sourceTree = "<group>"; };
		E93BC59E19815FA700DE3408 /* gzlib.c */ = {isa = PBXFileReference; fileEncoding = 4; lastKnownFileType = sourcecode.c.c; path = gzlib.c; sourceTree = "<group>"; };
		E93BC59F19815FA700DE3408 /* gzread.c */ = {isa = PBXFileReference; fileEncoding = 4; lastKnownFileType = sourcecode.c.c; path = gzread.c; sourceTree = "<group>"; };
		E93BC5A019815FA700DE3408 /* gzwrite.c */ = {isa = PBXFileReference; fileEncoding = 4; lastKnownFileType = sourcecode.c.c; path = gzwrite.c; sourceTree = "<group>"; };
		E93BC5A119815FA700DE3408 /* infback.c */ = {isa = PBXFileReference; fileEncoding = 4; lastKnownFileType = sourcecode.c.c; path = infback.c; sourceTree = "<group>"; };
		E93BC5A219815FA700DE3408 /* inffast.c */ = {isa = PBXFileReference; fileEncoding = 4; lastKnownFileType = sourcecode.c.c; path = inffast.c; sourceTree = "<group>"; };
		E93BC5A319815FA700DE3408 /* inffast.h */ = {isa = PBXFileReference; fileEncoding = 4; lastKnownFileType = sourcecode.c.h; path = inffast.h; sourceTree = "<group>"; };
		E93BC5A419815FA700DE3408 /* inffixed.h */ = {isa = PBXFileReference; fileEncoding = 4; lastKnownFileType = sourcecode.c.h; path = inffixed.h; sourceTree = "<group>"; };
		E93BC5A519815FA700DE3408 /* inflate.c */ = {isa = PBXFileReference; fileEncoding = 4; lastKnownFileType = sourcecode.c.c; path = inflate.c; sourceTree = "<group>"; };
		E93BC5A619815FA700DE3408 /* inflate.h */ = {isa = PBXFileReference; fileEncoding = 4; lastKnownFileType = sourcecode.c.h; path = inflate.h; sourceTree = "<group>"; };
		E93BC5A719815FA700DE3408 /* inftrees.c */ = {isa = PBXFileReference; fileEncoding = 4; lastKnownFileType = sourcecode.c.c; path = inftrees.c; sourceTree = "<group>"; };
		E93BC5A819815FA700DE3408 /* inftrees.h */ = {isa = PBXFileReference; fileEncoding = 4; lastKnownFileType = sourcecode.c.h; path = inftrees.h; sourceTree = "<group>"; };
		E93BC5A919815FA700DE3408 /* trees.c */ = {isa = PBXFileReference; fileEncoding = 4; lastKnownFileType = sourcecode.c.c; path = trees.c; sourceTree = "<group>"; };
		E93BC5AA19815FA700DE3408 /* trees.h */ = {isa = PBXFileReference; fileEncoding = 4; lastKnownFileType = sourcecode.c.h; path = trees.h; sourceTree = "<group>"; };
		E93BC5AB19815FA700DE3408 /* uncompr.c */ = {isa = PBXFileReference; fileEncoding = 4; lastKnownFileType = sourcecode.c.c; path = uncompr.c; sourceTree = "<group>"; };
		E93BC5AC19815FA700DE3408 /* zconf.h */ = {isa = PBXFileReference; fileEncoding = 4; lastKnownFileType = sourcecode.c.h; path = zconf.h; sourceTree = "<group>"; };
		E93BC5AD19815FA700DE3408 /* zlib.h */ = {isa = PBXFileReference; fileEncoding = 4; lastKnownFileType = sourcecode.c.h; path = zlib.h; sourceTree = "<group>"; };
		E93BC5AE19815FA700DE3408 /* zutil.c */ = {isa = PBXFileReference; fileEncoding = 4; lastKnownFileType = sourcecode.c.c; path = zutil.c; sourceTree = "<group>"; };
		E93BC5AF19815FA700DE3408 /* zutil.h */ = {isa = PBXFileReference; fileEncoding = 4; lastKnownFileType = sourcecode.c.h; path = zutil.h; sourceTree = "<group>"; };
		E944DC3A19939A0F00A0442D /* SettingsViewController.h */ = {isa = PBXFileReference; fileEncoding = 4; lastKnownFileType = sourcecode.c.h; name = SettingsViewController.h; path = SpeedReader/ViewControllers/SettingsViewController.h; sourceTree = "<group>"; };
		E944DC3B19939A0F00A0442D /* SettingsViewController.m */ = {isa = PBXFileReference; fileEncoding = 4; lastKnownFileType = sourcecode.c.objc; name = SettingsViewController.m; path = SpeedReader/ViewControllers/SettingsViewController.m; sourceTree = "<group>"; };
		E97618AF1990F5EB006CD981 /* MessageUI.framework */ = {isa = PBXFileReference; lastKnownFileType = wrapper.framework; name = MessageUI.framework; path = System/Library/Frameworks/MessageUI.framework; sourceTree = SDKROOT; };
		E9A18156197E77E60046B48E /* UserParser.h */ = {isa = PBXFileReference; fileEncoding = 4; lastKnownFileType = sourcecode.c.h; name = UserParser.h; path = SpeedReader/Data/UserParser.h; sourceTree = "<group>"; };
		E9A18157197E77E60046B48E /* UserParser.m */ = {isa = PBXFileReference; fileEncoding = 4; lastKnownFileType = sourcecode.c.objc; name = UserParser.m; path = SpeedReader/Data/UserParser.m; sourceTree = "<group>"; };
		E9AC08BF198FFD6300ACD0C5 /* UserAccountForDB.h */ = {isa = PBXFileReference; fileEncoding = 4; lastKnownFileType = sourcecode.c.h; name = UserAccountForDB.h; path = SpeedReader/Data/UserAccountForDB.h; sourceTree = "<group>"; };
		E9AC08C0198FFD6300ACD0C5 /* UserAccountForDB.m */ = {isa = PBXFileReference; fileEncoding = 4; lastKnownFileType = sourcecode.c.objc; name = UserAccountForDB.m; path = SpeedReader/Data/UserAccountForDB.m; sourceTree = "<group>"; };
		E9AC08C31990010B00ACD0C5 /* SettingsForDB.h */ = {isa = PBXFileReference; fileEncoding = 4; lastKnownFileType = sourcecode.c.h; name = SettingsForDB.h; path = SpeedReader/Data/SettingsForDB.h; sourceTree = "<group>"; };
		E9AC08C41990010B00ACD0C5 /* SettingsForDB.m */ = {isa = PBXFileReference; fileEncoding = 4; lastKnownFileType = sourcecode.c.objc; name = SettingsForDB.m; path = SpeedReader/Data/SettingsForDB.m; sourceTree = "<group>"; };
		E9E514041976A231001FDA03 /* SpeedReader.app */ = {isa = PBXFileReference; explicitFileType = wrapper.application; includeInIndex = 0; path = SpeedReader.app; sourceTree = BUILT_PRODUCTS_DIR; };
		E9E514071976A231001FDA03 /* Foundation.framework */ = {isa = PBXFileReference; lastKnownFileType = wrapper.framework; name = Foundation.framework; path = System/Library/Frameworks/Foundation.framework; sourceTree = SDKROOT; };
		E9E514091976A231001FDA03 /* CoreGraphics.framework */ = {isa = PBXFileReference; lastKnownFileType = wrapper.framework; name = CoreGraphics.framework; path = System/Library/Frameworks/CoreGraphics.framework; sourceTree = SDKROOT; };
		E9E5140B1976A231001FDA03 /* UIKit.framework */ = {isa = PBXFileReference; lastKnownFileType = wrapper.framework; name = UIKit.framework; path = System/Library/Frameworks/UIKit.framework; sourceTree = SDKROOT; };
		E9E5140F1976A231001FDA03 /* SpeedReader-Info.plist */ = {isa = PBXFileReference; lastKnownFileType = text.plist.xml; path = "SpeedReader-Info.plist"; sourceTree = "<group>"; };
		E9E514111976A231001FDA03 /* en */ = {isa = PBXFileReference; lastKnownFileType = text.plist.strings; name = en; path = en.lproj/InfoPlist.strings; sourceTree = "<group>"; };
		E9E514131976A231001FDA03 /* main.m */ = {isa = PBXFileReference; lastKnownFileType = sourcecode.c.objc; path = main.m; sourceTree = "<group>"; };
		E9E514151976A231001FDA03 /* SpeedReader-Prefix.pch */ = {isa = PBXFileReference; lastKnownFileType = sourcecode.c.h; path = "SpeedReader-Prefix.pch"; sourceTree = "<group>"; };
		E9E514161976A231001FDA03 /* AppDelegate.h */ = {isa = PBXFileReference; lastKnownFileType = sourcecode.c.h; path = AppDelegate.h; sourceTree = "<group>"; };
		E9E514171976A231001FDA03 /* AppDelegate.m */ = {isa = PBXFileReference; lastKnownFileType = sourcecode.c.objc; path = AppDelegate.m; sourceTree = "<group>"; };
		E9E5141A1976A231001FDA03 /* Base */ = {isa = PBXFileReference; lastKnownFileType = file.storyboard; name = Base; path = Base.lproj/Main_iPhone.storyboard; sourceTree = "<group>"; };
		E9E5141D1976A231001FDA03 /* Base */ = {isa = PBXFileReference; lastKnownFileType = file.storyboard; name = Base; path = Base.lproj/Main_iPad.storyboard; sourceTree = "<group>"; };
		E9E5141F1976A231001FDA03 /* ViewController.h */ = {isa = PBXFileReference; lastKnownFileType = sourcecode.c.h; path = ViewController.h; sourceTree = "<group>"; };
		E9E514201976A231001FDA03 /* ViewController.m */ = {isa = PBXFileReference; lastKnownFileType = sourcecode.c.objc; path = ViewController.m; sourceTree = "<group>"; };
		E9E514221976A231001FDA03 /* Images.xcassets */ = {isa = PBXFileReference; lastKnownFileType = folder.assetcatalog; path = Images.xcassets; sourceTree = "<group>"; };
		E9E514281976A231001FDA03 /* SpeedReaderTests.xctest */ = {isa = PBXFileReference; explicitFileType = wrapper.cfbundle; includeInIndex = 0; path = SpeedReaderTests.xctest; sourceTree = BUILT_PRODUCTS_DIR; };
		E9E514291976A231001FDA03 /* XCTest.framework */ = {isa = PBXFileReference; lastKnownFileType = wrapper.framework; name = XCTest.framework; path = Library/Frameworks/XCTest.framework; sourceTree = DEVELOPER_DIR; };
		E9E514311976A231001FDA03 /* SpeedReaderTests-Info.plist */ = {isa = PBXFileReference; lastKnownFileType = text.plist.xml; path = "SpeedReaderTests-Info.plist"; sourceTree = "<group>"; };
		E9E514331976A231001FDA03 /* en */ = {isa = PBXFileReference; lastKnownFileType = text.plist.strings; name = en; path = en.lproj/InfoPlist.strings; sourceTree = "<group>"; };
		E9E514351976A231001FDA03 /* SpeedReaderTests.m */ = {isa = PBXFileReference; lastKnownFileType = sourcecode.c.objc; path = SpeedReaderTests.m; sourceTree = "<group>"; };
		E9E514411976A277001FDA03 /* pl */ = {isa = PBXFileReference; lastKnownFileType = text.plist.strings; name = pl; path = pl.lproj/Main_iPhone.strings; sourceTree = "<group>"; };
		E9E514421976A277001FDA03 /* pl */ = {isa = PBXFileReference; lastKnownFileType = text.plist.strings; name = pl; path = pl.lproj/Main_iPad.strings; sourceTree = "<group>"; };
		E9E514431976A277001FDA03 /* pl */ = {isa = PBXFileReference; lastKnownFileType = text.plist.strings; name = pl; path = pl.lproj/InfoPlist.strings; sourceTree = "<group>"; };
		E9E514441976A277001FDA03 /* pl */ = {isa = PBXFileReference; lastKnownFileType = text.plist.strings; name = pl; path = pl.lproj/InfoPlist.strings; sourceTree = "<group>"; };
		E9E514461976A281001FDA03 /* en */ = {isa = PBXFileReference; lastKnownFileType = text.plist.strings; name = en; path = en.lproj/Localizable.strings; sourceTree = "<group>"; };
		E9E514481976A28A001FDA03 /* pl */ = {isa = PBXFileReference; lastKnownFileType = text.plist.strings; name = pl; path = pl.lproj/Localizable.strings; sourceTree = "<group>"; };
		E9E514491976A5CC001FDA03 /* LoginViewController.h */ = {isa = PBXFileReference; fileEncoding = 4; lastKnownFileType = sourcecode.c.h; name = LoginViewController.h; path = SpeedReader/ViewControllers/LoginViewController.h; sourceTree = "<group>"; };
		E9E5144A1976A5CC001FDA03 /* LoginViewController.m */ = {isa = PBXFileReference; fileEncoding = 4; lastKnownFileType = sourcecode.c.objc; name = LoginViewController.m; path = SpeedReader/ViewControllers/LoginViewController.m; sourceTree = "<group>"; };
		E9E5144D1976A611001FDA03 /* AddAccountViewController.h */ = {isa = PBXFileReference; fileEncoding = 4; lastKnownFileType = sourcecode.c.h; name = AddAccountViewController.h; path = SpeedReader/ViewControllers/AddAccountViewController.h; sourceTree = "<group>"; };
		E9E5144E1976A611001FDA03 /* AddAccountViewController.m */ = {isa = PBXFileReference; fileEncoding = 4; lastKnownFileType = sourcecode.c.objc; name = AddAccountViewController.m; path = SpeedReader/ViewControllers/AddAccountViewController.m; sourceTree = "<group>"; };
		E9E514501976A623001FDA03 /* DeleteAccountViewController.h */ = {isa = PBXFileReference; fileEncoding = 4; lastKnownFileType = sourcecode.c.h; name = DeleteAccountViewController.h; path = SpeedReader/ViewControllers/DeleteAccountViewController.h; sourceTree = "<group>"; };
		E9E514511976A623001FDA03 /* DeleteAccountViewController.m */ = {isa = PBXFileReference; fileEncoding = 4; lastKnownFileType = sourcecode.c.objc; name = DeleteAccountViewController.m; path = SpeedReader/ViewControllers/DeleteAccountViewController.m; sourceTree = "<group>"; };
		E9E514531976A635001FDA03 /* ImportAccountViewController.h */ = {isa = PBXFileReference; fileEncoding = 4; lastKnownFileType = sourcecode.c.h; name = ImportAccountViewController.h; path = SpeedReader/ViewControllers/ImportAccountViewController.h; sourceTree = "<group>"; };
		E9E514541976A635001FDA03 /* ImportAccountViewController.m */ = {isa = PBXFileReference; fileEncoding = 4; lastKnownFileType = sourcecode.c.objc; name = ImportAccountViewController.m; path = SpeedReader/ViewControllers/ImportAccountViewController.m; sourceTree = "<group>"; };
		E9E514561976A645001FDA03 /* ExportAccountViewController.h */ = {isa = PBXFileReference; fileEncoding = 4; lastKnownFileType = sourcecode.c.h; name = ExportAccountViewController.h; path = SpeedReader/ViewControllers/ExportAccountViewController.h; sourceTree = "<group>"; };
		E9E514571976A645001FDA03 /* ExportAccountViewController.m */ = {isa = PBXFileReference; fileEncoding = 4; lastKnownFileType = sourcecode.c.objc; name = ExportAccountViewController.m; path = SpeedReader/ViewControllers/ExportAccountViewController.m; sourceTree = "<group>"; };
		E9E514591976A71E001FDA03 /* MainViewController.h */ = {isa = PBXFileReference; fileEncoding = 4; lastKnownFileType = sourcecode.c.h; name = MainViewController.h; path = SpeedReader/ViewControllers/MainViewController.h; sourceTree = "<group>"; };
		E9E5145A1976A71E001FDA03 /* MainViewController.m */ = {isa = PBXFileReference; fileEncoding = 4; lastKnownFileType = sourcecode.c.objc; name = MainViewController.m; path = SpeedReader/ViewControllers/MainViewController.m; sourceTree = "<group>"; };
		E9E86D38197AB0FC00CE362D /* AccountTableCellTableViewCell.h */ = {isa = PBXFileReference; fileEncoding = 4; lastKnownFileType = sourcecode.c.h; name = AccountTableCellTableViewCell.h; path = SpeedReader/Data/AccountTableCellTableViewCell.h; sourceTree = "<group>"; };
		E9E86D39197AB0FC00CE362D /* AccountTableCellTableViewCell.m */ = {isa = PBXFileReference; fileEncoding = 4; lastKnownFileType = sourcecode.c.objc; name = AccountTableCellTableViewCell.m; path = SpeedReader/Data/AccountTableCellTableViewCell.m; sourceTree = "<group>"; };
		E9FEE6111977D39700463B32 /* ModuleViewController.h */ = {isa = PBXFileReference; fileEncoding = 4; lastKnownFileType = sourcecode.c.h; name = ModuleViewController.h; path = SpeedReader/Data/ModuleViewController.h; sourceTree = "<group>"; };
		E9FEE6121977D39700463B32 /* ModuleViewController.m */ = {isa = PBXFileReference; fileEncoding = 4; lastKnownFileType = sourcecode.c.objc; name = ModuleViewController.m; path = SpeedReader/Data/ModuleViewController.m; sourceTree = "<group>"; };
/* End PBXFileReference section */

/* Begin PBXFrameworksBuildPhase section */
		E9E514011976A231001FDA03 /* Frameworks */ = {
			isa = PBXFrameworksBuildPhase;
			buildActionMask = 2147483647;
			files = (
				E97618B01990F5EB006CD981 /* MessageUI.framework in Frameworks */,
				E926944F198FEC8D00BE1BEF /* CoreData.framework in Frameworks */,
				E9E5140A1976A231001FDA03 /* CoreGraphics.framework in Frameworks */,
				E9E5140C1976A231001FDA03 /* UIKit.framework in Frameworks */,
				E9E514081976A231001FDA03 /* Foundation.framework in Frameworks */,
			);
			runOnlyForDeploymentPostprocessing = 0;
		};
		E9E514251976A231001FDA03 /* Frameworks */ = {
			isa = PBXFrameworksBuildPhase;
			buildActionMask = 2147483647;
			files = (
				E9E5142A1976A231001FDA03 /* XCTest.framework in Frameworks */,
				E9E5142C1976A231001FDA03 /* UIKit.framework in Frameworks */,
				E9E5142B1976A231001FDA03 /* Foundation.framework in Frameworks */,
			);
			runOnlyForDeploymentPostprocessing = 0;
		};
/* End PBXFrameworksBuildPhase section */

/* Begin PBXGroup section */
		E90248D9197D42CF004ADAEC /* ExternalLib */ = {
			isa = PBXGroup;
			children = (
				E93BC57F19815FA700DE3408 /* Zip */,
				E90248DA197D42CF004ADAEC /* GDataXMLNode.h */,
				E90248DB197D42CF004ADAEC /* GDataXMLNode.m */,
			);
			name = ExternalLib;
			path = SpeedReader/ExternalLib;
			sourceTree = "<group>";
		};
		E915D6E31977F23500846F31 /* MainView */ = {
			isa = PBXGroup;
			children = (
				E9E514491976A5CC001FDA03 /* LoginViewController.h */,
				E9E5144A1976A5CC001FDA03 /* LoginViewController.m */,
				E9E5144D1976A611001FDA03 /* AddAccountViewController.h */,
				E9E5144E1976A611001FDA03 /* AddAccountViewController.m */,
				E9E514501976A623001FDA03 /* DeleteAccountViewController.h */,
				E9E514511976A623001FDA03 /* DeleteAccountViewController.m */,
				E9E514531976A635001FDA03 /* ImportAccountViewController.h */,
				E9E514541976A635001FDA03 /* ImportAccountViewController.m */,
				E9E514561976A645001FDA03 /* ExportAccountViewController.h */,
				E9E514571976A645001FDA03 /* ExportAccountViewController.m */,
				E91EF1E4198CF92A00069359 /* ListAccountToImportTableViewController.h */,
				E91EF1E5198CF92A00069359 /* ListAccountToImportTableViewController.m */,
			);
			name = MainView;
			sourceTree = "<group>";
		};
		E915D6E41977F24E00846F31 /* Lesson */ = {
			isa = PBXGroup;
			children = (
				E935AA0F1976E70F00409E7B /* RootLessonTableViewController.h */,
				E935AA101976E70F00409E7B /* RootLessonTableViewController.m */,
				E935AA121976E79000409E7B /* DetailLessonViewController.h */,
				E935AA131976E79000409E7B /* DetailLessonViewController.m */,
				E935AA1A1976F48900409E7B /* LessonsViewController.h */,
				E935AA1B1976F48900409E7B /* LessonsViewController.m */,
			);
			name = Lesson;
			sourceTree = "<group>";
		};
		E915D6E51977F25800846F31 /* Exercises */ = {
			isa = PBXGroup;
			children = (
				E915D6F01977F48A00846F31 /* RootExercisesTableViewController.h */,
				E915D6F11977F48A00846F31 /* RootExercisesTableViewController.m */,
				E915D6F31977F4A400846F31 /* DetailExercisesViewController.h */,
				E915D6F41977F4A400846F31 /* DetailExercisesViewController.m */,
				E915D6F61977F4BF00846F31 /* ExercisesViewController.h */,
				E915D6F71977F4BF00846F31 /* ExercisesViewController.m */,
			);
			name = Exercises;
			sourceTree = "<group>";
		};
		E915D6E61977F35500846F31 /* Lesson */ = {
			isa = PBXGroup;
			children = (
				E935AA151976EA3F00409E7B /* LessonData.h */,
				E935AA161976EA3F00409E7B /* LessonData.m */,
				E935AA191976F29700409E7B /* LessonSelectionDelegate.h */,
			);
			name = Lesson;
			sourceTree = "<group>";
		};
		E915D6E71977F35E00846F31 /* Exercises */ = {
			isa = PBXGroup;
			children = (
				E915D6EC1977F3B100846F31 /* ExercisesData.h */,
				E915D6ED1977F3B100846F31 /* ExercisesData.m */,
				E915D6EF1977F3D100846F31 /* ExercisesSelectionDelegate.h */,
			);
			name = Exercises;
			sourceTree = "<group>";
		};
		E915D6F91977FC1900846F31 /* Statistics */ = {
			isa = PBXGroup;
			children = (
				E915D6FA1977FC6100846F31 /* StatisticsData.h */,
				E915D6FB1977FC6100846F31 /* StatisticsData.m */,
				E915D6FD1977FC7800846F31 /* StatisticsSelectionDelegate.h */,
			);
			name = Statistics;
			sourceTree = "<group>";
		};
		E915D6FE1977FCEF00846F31 /* Statistics */ = {
			isa = PBXGroup;
			children = (
				E915D6FF1977FD1000846F31 /* RootStatisticsTableViewController.h */,
				E915D7001977FD1000846F31 /* RootStatisticsTableViewController.m */,
				E915D7021977FD2700846F31 /* DetailStatisticsViewController.h */,
				E915D7031977FD2700846F31 /* DetailStatisticsViewController.m */,
				E915D7051977FD3E00846F31 /* StatisticsViewController.h */,
				E915D7061977FD3E00846F31 /* StatisticsViewController.m */,
			);
			name = Statistics;
			sourceTree = "<group>";
		};
		E915D7081978048B00846F31 /* StartView */ = {
			isa = PBXGroup;
			children = (
				E915D709197804A400846F31 /* StartViewController.h */,
				E915D70A197804A400846F31 /* StartViewController.m */,
				E92BB5311992BF9F006D2E56 /* MetronumViewController.h */,
				E92BB5321992BF9F006D2E56 /* MetronumViewController.m */,
				E92BB5341992BFAC006D2E56 /* TimerViewController.h */,
				E92BB5351992BFAC006D2E56 /* TimerViewController.m */,
			);
			name = StartView;
			sourceTree = "<group>";
		};
		E935AA181976EA4500409E7B /* Data */ = {
			isa = PBXGroup;
			children = (
				E939E1B9197AA5E800EAD654 /* Account */,
				E915D6F91977FC1900846F31 /* Statistics */,
				E915D6E71977F35E00846F31 /* Exercises */,
				E915D6E61977F35500846F31 /* Lesson */,
				E9FEE6111977D39700463B32 /* ModuleViewController.h */,
				E9FEE6121977D39700463B32 /* ModuleViewController.m */,
			);
			name = Data;
			sourceTree = "<group>";
		};
		E9371E6F198D264C00DFCBF0 /* SharedData */ = {
			isa = PBXGroup;
			children = (
				E9371E70198D268C00DFCBF0 /* AppDelegateDataShared.h */,
				E9371E71198D26B100DFCBF0 /* AppDataObject.h */,
				E9371E72198D26B100DFCBF0 /* AppDataObject.m */,
				E9371E74198D272B00DFCBF0 /* SharedData.h */,
				E9371E75198D272B00DFCBF0 /* SharedData.m */,
			);
			name = SharedData;
			sourceTree = "<group>";
		};
		E939E1B9197AA5E800EAD654 /* Account */ = {
			isa = PBXGroup;
			children = (
				E939E1BA197AA60500EAD654 /* AccountTable.h */,
				E939E1BB197AA60500EAD654 /* AccountTable.m */,
				E9E86D38197AB0FC00CE362D /* AccountTableCellTableViewCell.h */,
				E9E86D39197AB0FC00CE362D /* AccountTableCellTableViewCell.m */,
				E9A18156197E77E60046B48E /* UserParser.h */,
				E9A18157197E77E60046B48E /* UserParser.m */,
			);
			name = Account;
			sourceTree = "<group>";
		};
		E93BC57F19815FA700DE3408 /* Zip */ = {
			isa = PBXGroup;
			children = (
				E93BC58019815FA700DE3408 /* ARCHelper */,
				E93BC58219815FA700DE3408 /* MiniZip */,
				E93BC58A19815FA700DE3408 /* Objective-Zip */,
				E93BC59519815FA700DE3408 /* ZLib */,
			);
			path = Zip;
			sourceTree = "<group>";
		};
		E93BC58019815FA700DE3408 /* ARCHelper */ = {
			isa = PBXGroup;
			children = (
				E93BC58119815FA700DE3408 /* ARCHelper.h */,
			);
			path = ARCHelper;
			sourceTree = "<group>";
		};
		E93BC58219815FA700DE3408 /* MiniZip */ = {
			isa = PBXGroup;
			children = (
				E93BC58319815FA700DE3408 /* crypt.h */,
				E93BC58419815FA700DE3408 /* ioapi.c */,
				E93BC58519815FA700DE3408 /* ioapi.h */,
				E93BC58619815FA700DE3408 /* unzip.c */,
				E93BC58719815FA700DE3408 /* unzip.h */,
				E93BC58819815FA700DE3408 /* zip.c */,
				E93BC58919815FA700DE3408 /* zip.h */,
			);
			path = MiniZip;
			sourceTree = "<group>";
		};
		E93BC58A19815FA700DE3408 /* Objective-Zip */ = {
			isa = PBXGroup;
			children = (
				E93BC58B19815FA700DE3408 /* FileInZipInfo.h */,
				E93BC58C19815FA700DE3408 /* FileInZipInfo.m */,
				E93BC58D19815FA700DE3408 /* ZipException.h */,
				E93BC58E19815FA700DE3408 /* ZipException.m */,
				E93BC58F19815FA700DE3408 /* ZipFile.h */,
				E93BC59019815FA700DE3408 /* ZipFile.m */,
				E93BC59119815FA700DE3408 /* ZipReadStream.h */,
				E93BC59219815FA700DE3408 /* ZipReadStream.m */,
				E93BC59319815FA700DE3408 /* ZipWriteStream.h */,
				E93BC59419815FA700DE3408 /* ZipWriteStream.m */,
			);
			path = "Objective-Zip";
			sourceTree = "<group>";
		};
		E93BC59519815FA700DE3408 /* ZLib */ = {
			isa = PBXGroup;
			children = (
				E93BC59619815FA700DE3408 /* adler32.c */,
				E93BC59719815FA700DE3408 /* compress.c */,
				E93BC59819815FA700DE3408 /* crc32.c */,
				E93BC59919815FA700DE3408 /* crc32.h */,
				E93BC59A19815FA700DE3408 /* deflate.c */,
				E93BC59B19815FA700DE3408 /* deflate.h */,
				E93BC59C19815FA700DE3408 /* gzclose.c */,
				E93BC59D19815FA700DE3408 /* gzguts.h */,
				E93BC59E19815FA700DE3408 /* gzlib.c */,
				E93BC59F19815FA700DE3408 /* gzread.c */,
				E93BC5A019815FA700DE3408 /* gzwrite.c */,
				E93BC5A119815FA700DE3408 /* infback.c */,
				E93BC5A219815FA700DE3408 /* inffast.c */,
				E93BC5A319815FA700DE3408 /* inffast.h */,
				E93BC5A419815FA700DE3408 /* inffixed.h */,
				E93BC5A519815FA700DE3408 /* inflate.c */,
				E93BC5A619815FA700DE3408 /* inflate.h */,
				E93BC5A719815FA700DE3408 /* inftrees.c */,
				E93BC5A819815FA700DE3408 /* inftrees.h */,
				E93BC5A919815FA700DE3408 /* trees.c */,
				E93BC5AA19815FA700DE3408 /* trees.h */,
				E93BC5AB19815FA700DE3408 /* uncompr.c */,
				E93BC5AC19815FA700DE3408 /* zconf.h */,
				E93BC5AD19815FA700DE3408 /* zlib.h */,
				E93BC5AE19815FA700DE3408 /* zutil.c */,
				E93BC5AF19815FA700DE3408 /* zutil.h */,
			);
			path = ZLib;
			sourceTree = "<group>";
		};
		E944DC39199399F900A0442D /* Settings */ = {
			isa = PBXGroup;
			children = (
				E944DC3A19939A0F00A0442D /* SettingsViewController.h */,
				E944DC3B19939A0F00A0442D /* SettingsViewController.m */,
			);
			name = Settings;
			sourceTree = "<group>";
		};
		E9AC08C2199000F400ACD0C5 /* DB */ = {
			isa = PBXGroup;
			children = (
				E9AC08BF198FFD6300ACD0C5 /* UserAccountForDB.h */,
				E9AC08C0198FFD6300ACD0C5 /* UserAccountForDB.m */,
				E9AC08C31990010B00ACD0C5 /* SettingsForDB.h */,
				E9AC08C41990010B00ACD0C5 /* SettingsForDB.m */,
			);
			name = DB;
			sourceTree = "<group>";
		};
		E9E513FB1976A231001FDA03 = {
			isa = PBXGroup;
			children = (
				E9AC08C2199000F400ACD0C5 /* DB */,
				E9371E6F198D264C00DFCBF0 /* SharedData */,
				E90248D9197D42CF004ADAEC /* ExternalLib */,
				E935AA181976EA4500409E7B /* Data */,
				E9E5144C1976A5D1001FDA03 /* ViewControllers */,
				E9E5140D1976A231001FDA03 /* SpeedReader */,
				E9E5142F1976A231001FDA03 /* SpeedReaderTests */,
				E9E514061976A231001FDA03 /* Frameworks */,
				E9E514051976A231001FDA03 /* Products */,
			);
			sourceTree = "<group>";
		};
		E9E514051976A231001FDA03 /* Products */ = {
			isa = PBXGroup;
			children = (
				E9E514041976A231001FDA03 /* SpeedReader.app */,
				E9E514281976A231001FDA03 /* SpeedReaderTests.xctest */,
			);
			name = Products;
			sourceTree = "<group>";
		};
		E9E514061976A231001FDA03 /* Frameworks */ = {
			isa = PBXGroup;
			children = (
				E97618AF1990F5EB006CD981 /* MessageUI.framework */,
				E90248D4197D2D81004ADAEC /* CoreData.framework */,
				E9E514071976A231001FDA03 /* Foundation.framework */,
				E9E514091976A231001FDA03 /* CoreGraphics.framework */,
				E9E5140B1976A231001FDA03 /* UIKit.framework */,
				E9E514291976A231001FDA03 /* XCTest.framework */,
			);
			name = Frameworks;
			sourceTree = "<group>";
		};
		E9E5140D1976A231001FDA03 /* SpeedReader */ = {
			isa = PBXGroup;
			children = (
				E9E514161976A231001FDA03 /* AppDelegate.h */,
				E9E514171976A231001FDA03 /* AppDelegate.m */,
				E9E514191976A231001FDA03 /* Main_iPhone.storyboard */,
				E9E5141C1976A231001FDA03 /* Main_iPad.storyboard */,
				E9E5141F1976A231001FDA03 /* ViewController.h */,
				E9E514201976A231001FDA03 /* ViewController.m */,
				E9E514221976A231001FDA03 /* Images.xcassets */,
				E9E5140E1976A231001FDA03 /* Supporting Files */,
			);
			path = SpeedReader;
			sourceTree = "<group>";
		};
		E9E5140E1976A231001FDA03 /* Supporting Files */ = {
			isa = PBXGroup;
			children = (
				E9E514471976A281001FDA03 /* Localizable.strings */,
				E9E5140F1976A231001FDA03 /* SpeedReader-Info.plist */,
				E9E514101976A231001FDA03 /* InfoPlist.strings */,
				E9E514131976A231001FDA03 /* main.m */,
				E9E514151976A231001FDA03 /* SpeedReader-Prefix.pch */,
				E926944C198FEBF900BE1BEF /* SpeedReader.xcdatamodeld */,
			);
			name = "Supporting Files";
			sourceTree = "<group>";
		};
		E9E5142F1976A231001FDA03 /* SpeedReaderTests */ = {
			isa = PBXGroup;
			children = (
				E9E514351976A231001FDA03 /* SpeedReaderTests.m */,
				E9E514301976A231001FDA03 /* Supporting Files */,
			);
			path = SpeedReaderTests;
			sourceTree = "<group>";
		};
		E9E514301976A231001FDA03 /* Supporting Files */ = {
			isa = PBXGroup;
			children = (
				E9E514311976A231001FDA03 /* SpeedReaderTests-Info.plist */,
				E9E514321976A231001FDA03 /* InfoPlist.strings */,
			);
			name = "Supporting Files";
			sourceTree = "<group>";
		};
		E9E5144C1976A5D1001FDA03 /* ViewControllers */ = {
			isa = PBXGroup;
			children = (
				E944DC39199399F900A0442D /* Settings */,
				E915D6E41977F24E00846F31 /* Lesson */,
				E915D7081978048B00846F31 /* StartView */,
				E915D6FE1977FCEF00846F31 /* Statistics */,
				E915D6E51977F25800846F31 /* Exercises */,
				E915D6E31977F23500846F31 /* MainView */,
				E9E514591976A71E001FDA03 /* MainViewController.h */,
				E9E5145A1976A71E001FDA03 /* MainViewController.m */,
			);
			name = ViewControllers;
			sourceTree = "<group>";
		};
/* End PBXGroup section */

/* Begin PBXNativeTarget section */
		E9E514031976A231001FDA03 /* SpeedReader */ = {
			isa = PBXNativeTarget;
			buildConfigurationList = E9E514391976A231001FDA03 /* Build configuration list for PBXNativeTarget "SpeedReader" */;
			buildPhases = (
				E9E514001976A231001FDA03 /* Sources */,
				E9E514011976A231001FDA03 /* Frameworks */,
				E9E514021976A231001FDA03 /* Resources */,
			);
			buildRules = (
			);
			dependencies = (
			);
			name = SpeedReader;
			productName = SpeedReader;
			productReference = E9E514041976A231001FDA03 /* SpeedReader.app */;
			productType = "com.apple.product-type.application";
		};
		E9E514271976A231001FDA03 /* SpeedReaderTests */ = {
			isa = PBXNativeTarget;
			buildConfigurationList = E9E5143C1976A231001FDA03 /* Build configuration list for PBXNativeTarget "SpeedReaderTests" */;
			buildPhases = (
				E9E514241976A231001FDA03 /* Sources */,
				E9E514251976A231001FDA03 /* Frameworks */,
				E9E514261976A231001FDA03 /* Resources */,
			);
			buildRules = (
			);
			dependencies = (
				E9E5142E1976A231001FDA03 /* PBXTargetDependency */,
			);
			name = SpeedReaderTests;
			productName = SpeedReaderTests;
			productReference = E9E514281976A231001FDA03 /* SpeedReaderTests.xctest */;
			productType = "com.apple.product-type.bundle.unit-test";
		};
/* End PBXNativeTarget section */

/* Begin PBXProject section */
		E9E513FC1976A231001FDA03 /* Project object */ = {
			isa = PBXProject;
			attributes = {
				LastUpgradeCheck = 0510;
				ORGANIZATIONNAME = LGBS;
				TargetAttributes = {
					E9E514271976A231001FDA03 = {
						TestTargetID = E9E514031976A231001FDA03;
					};
				};
			};
			buildConfigurationList = E9E513FF1976A231001FDA03 /* Build configuration list for PBXProject "SpeedReader" */;
			compatibilityVersion = "Xcode 3.2";
			developmentRegion = English;
			hasScannedForEncodings = 0;
			knownRegions = (
				en,
				Base,
				pl,
			);
			mainGroup = E9E513FB1976A231001FDA03;
			productRefGroup = E9E514051976A231001FDA03 /* Products */;
			projectDirPath = "";
			projectRoot = "";
			targets = (
				E9E514031976A231001FDA03 /* SpeedReader */,
				E9E514271976A231001FDA03 /* SpeedReaderTests */,
			);
		};
/* End PBXProject section */

/* Begin PBXResourcesBuildPhase section */
		E9E514021976A231001FDA03 /* Resources */ = {
			isa = PBXResourcesBuildPhase;
			buildActionMask = 2147483647;
			files = (
				E9E514451976A281001FDA03 /* Localizable.strings in Resources */,
				E9E5141E1976A231001FDA03 /* Main_iPad.storyboard in Resources */,
				E9E514231976A231001FDA03 /* Images.xcassets in Resources */,
				E9E5141B1976A231001FDA03 /* Main_iPhone.storyboard in Resources */,
				E9E514121976A231001FDA03 /* InfoPlist.strings in Resources */,
			);
			runOnlyForDeploymentPostprocessing = 0;
		};
		E9E514261976A231001FDA03 /* Resources */ = {
			isa = PBXResourcesBuildPhase;
			buildActionMask = 2147483647;
			files = (
				E9E514341976A231001FDA03 /* InfoPlist.strings in Resources */,
			);
			runOnlyForDeploymentPostprocessing = 0;
		};
/* End PBXResourcesBuildPhase section */

/* Begin PBXSourcesBuildPhase section */
		E9E514001976A231001FDA03 /* Sources */ = {
			isa = PBXSourcesBuildPhase;
			buildActionMask = 2147483647;
			files = (
				E9371E73198D26B100DFCBF0 /* AppDataObject.m in Sources */,
				E93BC5BD19815FA700DE3408 /* gzlib.c in Sources */,
				E93BC5B319815FA700DE3408 /* FileInZipInfo.m in Sources */,
				E93BC5B619815FA700DE3408 /* ZipReadStream.m in Sources */,
				E935AA1C1976F48900409E7B /* LessonsViewController.m in Sources */,
				E93BC5B119815FA700DE3408 /* unzip.c in Sources */,
				E915D6EE1977F3B100846F31 /* ExercisesData.m in Sources */,
				E91EF1E6198CF92A00069359 /* ListAccountToImportTableViewController.m in Sources */,
				E9E5144F1976A611001FDA03 /* AddAccountViewController.m in Sources */,
				E9E86D3A197AB0FC00CE362D /* AccountTableCellTableViewCell.m in Sources */,
				E92BB5361992BFAC006D2E56 /* TimerViewController.m in Sources */,
				E935AA171976EA3F00409E7B /* LessonData.m in Sources */,
				E90248DC197D42CF004ADAEC /* GDataXMLNode.m in Sources */,
				E9AC08C51990010B00ACD0C5 /* SettingsForDB.m in Sources */,
				E915D6F81977F4BF00846F31 /* ExercisesViewController.m in Sources */,
				E9E5144B1976A5CC001FDA03 /* LoginViewController.m in Sources */,
				E93BC5C619815FA700DE3408 /* zutil.c in Sources */,
				E93BC5B219815FA700DE3408 /* zip.c in Sources */,
				E915D6FC1977FC6100846F31 /* StatisticsData.m in Sources */,
				E93BC5BA19815FA700DE3408 /* crc32.c in Sources */,
				E9E514211976A231001FDA03 /* ViewController.m in Sources */,
				E93BC5C019815FA700DE3408 /* infback.c in Sources */,
				E935AA111976E70F00409E7B /* RootLessonTableViewController.m in Sources */,
				E915D70B197804A400846F31 /* StartViewController.m in Sources */,
				E944DC3C19939A0F00A0442D /* SettingsViewController.m in Sources */,
				E93BC5BB19815FA700DE3408 /* deflate.c in Sources */,
				E93BC5B919815FA700DE3408 /* compress.c in Sources */,
				E935AA141976E79000409E7B /* DetailLessonViewController.m in Sources */,
				E9E514521976A623001FDA03 /* DeleteAccountViewController.m in Sources */,
				E9AC08C1198FFD6300ACD0C5 /* UserAccountForDB.m in Sources */,
				E93BC5C419815FA700DE3408 /* trees.c in Sources */,
				E9E5145B1976A71E001FDA03 /* MainViewController.m in Sources */,
				E915D6F51977F4A400846F31 /* DetailExercisesViewController.m in Sources */,
				E939E1BC197AA60500EAD654 /* AccountTable.m in Sources */,
				E93BC5C519815FA700DE3408 /* uncompr.c in Sources */,
				E9E514551976A635001FDA03 /* ImportAccountViewController.m in Sources */,
				E93BC5B419815FA700DE3408 /* ZipException.m in Sources */,
				E9FEE6131977D39700463B32 /* ModuleViewController.m in Sources */,
				E93BC5C219815FA700DE3408 /* inflate.c in Sources */,
				E93BC5BC19815FA700DE3408 /* gzclose.c in Sources */,
				E926944E198FEBF900BE1BEF /* SpeedReader.xcdatamodeld in Sources */,
				E93BC5C319815FA700DE3408 /* inftrees.c in Sources */,
				E93BC5BE19815FA700DE3408 /* gzread.c in Sources */,
				E9A18158197E77E60046B48E /* UserParser.m in Sources */,
				E92BB5331992BF9F006D2E56 /* MetronumViewController.m in Sources */,
				E915D7041977FD2700846F31 /* DetailStatisticsViewController.m in Sources */,
				E9E514181976A231001FDA03 /* AppDelegate.m in Sources */,
				E93BC5C119815FA700DE3408 /* inffast.c in Sources */,
				E915D7011977FD1000846F31 /* RootStatisticsTableViewController.m in Sources */,
				E93BC5B019815FA700DE3408 /* ioapi.c in Sources */,
				E9E514581976A645001FDA03 /* ExportAccountViewController.m in Sources */,
				E915D7071977FD3E00846F31 /* StatisticsViewController.m in Sources */,
				E93BC5BF19815FA700DE3408 /* gzwrite.c in Sources */,
				E93BC5B819815FA700DE3408 /* adler32.c in Sources */,
				E9371E76198D272B00DFCBF0 /* SharedData.m in Sources */,
				E93BC5B719815FA700DE3408 /* ZipWriteStream.m in Sources */,
				E9E514141976A231001FDA03 /* main.m in Sources */,
				E915D6F21977F48A00846F31 /* RootExercisesTableViewController.m in Sources */,
				E93BC5B519815FA700DE3408 /* ZipFile.m in Sources */,
			);
			runOnlyForDeploymentPostprocessing = 0;
		};
		E9E514241976A231001FDA03 /* Sources */ = {
			isa = PBXSourcesBuildPhase;
			buildActionMask = 2147483647;
			files = (
				E9E514361976A231001FDA03 /* SpeedReaderTests.m in Sources */,
			);
			runOnlyForDeploymentPostprocessing = 0;
		};
/* End PBXSourcesBuildPhase section */

/* Begin PBXTargetDependency section */
		E9E5142E1976A231001FDA03 /* PBXTargetDependency */ = {
			isa = PBXTargetDependency;
			target = E9E514031976A231001FDA03 /* SpeedReader */;
			targetProxy = E9E5142D1976A231001FDA03 /* PBXContainerItemProxy */;
		};
/* End PBXTargetDependency section */

/* Begin PBXVariantGroup section */
		E9E514101976A231001FDA03 /* InfoPlist.strings */ = {
			isa = PBXVariantGroup;
			children = (
				E9E514111976A231001FDA03 /* en */,
				E9E514431976A277001FDA03 /* pl */,
			);
			name = InfoPlist.strings;
			sourceTree = "<group>";
		};
		E9E514191976A231001FDA03 /* Main_iPhone.storyboard */ = {
			isa = PBXVariantGroup;
			children = (
				E9E5141A1976A231001FDA03 /* Base */,
				E9E514411976A277001FDA03 /* pl */,
			);
			name = Main_iPhone.storyboard;
			sourceTree = "<group>";
		};
		E9E5141C1976A231001FDA03 /* Main_iPad.storyboard */ = {
			isa = PBXVariantGroup;
			children = (
				E9E5141D1976A231001FDA03 /* Base */,
				E9E514421976A277001FDA03 /* pl */,
				E92BB5301992BE74006D2E56 /* en */,
			);
			name = Main_iPad.storyboard;
			sourceTree = "<group>";
		};
		E9E514321976A231001FDA03 /* InfoPlist.strings */ = {
			isa = PBXVariantGroup;
			children = (
				E9E514331976A231001FDA03 /* en */,
				E9E514441976A277001FDA03 /* pl */,
			);
			name = InfoPlist.strings;
			sourceTree = "<group>";
		};
		E9E514471976A281001FDA03 /* Localizable.strings */ = {
			isa = PBXVariantGroup;
			children = (
				E9E514461976A281001FDA03 /* en */,
				E9E514481976A28A001FDA03 /* pl */,
			);
			name = Localizable.strings;
			sourceTree = "<group>";
		};
/* End PBXVariantGroup section */

/* Begin XCBuildConfiguration section */
		E9E514371976A231001FDA03 /* Debug */ = {
			isa = XCBuildConfiguration;
			buildSettings = {
				ALWAYS_SEARCH_USER_PATHS = NO;
				CLANG_CXX_LANGUAGE_STANDARD = "gnu++0x";
				CLANG_CXX_LIBRARY = "libc++";
				CLANG_ENABLE_MODULES = YES;
				CLANG_ENABLE_OBJC_ARC = YES;
				CLANG_WARN_BOOL_CONVERSION = YES;
				CLANG_WARN_CONSTANT_CONVERSION = YES;
				CLANG_WARN_DIRECT_OBJC_ISA_USAGE = YES_ERROR;
				CLANG_WARN_EMPTY_BODY = YES;
				CLANG_WARN_ENUM_CONVERSION = YES;
				CLANG_WARN_INT_CONVERSION = YES;
				CLANG_WARN_OBJC_ROOT_CLASS = YES_ERROR;
				CLANG_WARN__DUPLICATE_METHOD_MATCH = YES;
				CODE_SIGN_IDENTITY = "";
				"CODE_SIGN_IDENTITY[sdk=iphoneos*]" = "iPhone Developer";
				COPY_PHASE_STRIP = NO;
				GCC_C_LANGUAGE_STANDARD = gnu99;
				GCC_DYNAMIC_NO_PIC = NO;
				GCC_OPTIMIZATION_LEVEL = 0;
				GCC_PREPROCESSOR_DEFINITIONS = (
					"DEBUG=1",
					"$(inherited)",
				);
				GCC_SYMBOLS_PRIVATE_EXTERN = NO;
				GCC_WARN_64_TO_32_BIT_CONVERSION = YES;
				GCC_WARN_ABOUT_RETURN_TYPE = YES_ERROR;
				GCC_WARN_UNDECLARED_SELECTOR = YES;
				GCC_WARN_UNINITIALIZED_AUTOS = YES_AGGRESSIVE;
				GCC_WARN_UNUSED_FUNCTION = YES;
				GCC_WARN_UNUSED_VARIABLE = YES;
				IPHONEOS_DEPLOYMENT_TARGET = 6.0;
				ONLY_ACTIVE_ARCH = YES;
				PROVISIONING_PROFILE = "";
				SDKROOT = iphoneos;
				TARGETED_DEVICE_FAMILY = "1,2";
			};
			name = Debug;
		};
		E9E514381976A231001FDA03 /* Release */ = {
			isa = XCBuildConfiguration;
			buildSettings = {
				ALWAYS_SEARCH_USER_PATHS = NO;
				CLANG_CXX_LANGUAGE_STANDARD = "gnu++0x";
				CLANG_CXX_LIBRARY = "libc++";
				CLANG_ENABLE_MODULES = YES;
				CLANG_ENABLE_OBJC_ARC = YES;
				CLANG_WARN_BOOL_CONVERSION = YES;
				CLANG_WARN_CONSTANT_CONVERSION = YES;
				CLANG_WARN_DIRECT_OBJC_ISA_USAGE = YES_ERROR;
				CLANG_WARN_EMPTY_BODY = YES;
				CLANG_WARN_ENUM_CONVERSION = YES;
				CLANG_WARN_INT_CONVERSION = YES;
				CLANG_WARN_OBJC_ROOT_CLASS = YES_ERROR;
				CLANG_WARN__DUPLICATE_METHOD_MATCH = YES;
				CODE_SIGN_IDENTITY = "";
				"CODE_SIGN_IDENTITY[sdk=iphoneos*]" = "iPhone Developer";
				COPY_PHASE_STRIP = YES;
				ENABLE_NS_ASSERTIONS = NO;
				GCC_C_LANGUAGE_STANDARD = gnu99;
				GCC_WARN_64_TO_32_BIT_CONVERSION = YES;
				GCC_WARN_ABOUT_RETURN_TYPE = YES_ERROR;
				GCC_WARN_UNDECLARED_SELECTOR = YES;
				GCC_WARN_UNINITIALIZED_AUTOS = YES_AGGRESSIVE;
				GCC_WARN_UNUSED_FUNCTION = YES;
				GCC_WARN_UNUSED_VARIABLE = YES;
				IPHONEOS_DEPLOYMENT_TARGET = 6.0;
				PROVISIONING_PROFILE = "";
				SDKROOT = iphoneos;
				TARGETED_DEVICE_FAMILY = "1,2";
				VALIDATE_PRODUCT = YES;
			};
			name = Release;
		};
		E9E5143A1976A231001FDA03 /* Debug */ = {
			isa = XCBuildConfiguration;
			buildSettings = {
				ASSETCATALOG_COMPILER_APPICON_NAME = AppIcon;
				ASSETCATALOG_COMPILER_LAUNCHIMAGE_NAME = LaunchImage;
				CODE_SIGN_IDENTITY = "iPhone Developer";
				"CODE_SIGN_IDENTITY[sdk=iphoneos*]" = "iPhone Developer";
				GCC_PRECOMPILE_PREFIX_HEADER = YES;
				GCC_PREFIX_HEADER = "SpeedReader/SpeedReader-Prefix.pch";
				HEADER_SEARCH_PATHS = (
					"$(inherited)",
					/Applications/Xcode.app/Contents/Developer/Toolchains/XcodeDefault.xctoolchain/usr/include,
					/usr/include/libxml2,
				);
				INFOPLIST_FILE = "SpeedReader/SpeedReader-Info.plist";
				OTHER_LDFLAGS = "-lxml2";
				PRODUCT_NAME = "$(TARGET_NAME)";
				PROVISIONING_PROFILE = "";
				TARGETED_DEVICE_FAMILY = "1,2";
				WRAPPER_EXTENSION = app;
			};
			name = Debug;
		};
		E9E5143B1976A231001FDA03 /* Release */ = {
			isa = XCBuildConfiguration;
			buildSettings = {
				ASSETCATALOG_COMPILER_APPICON_NAME = AppIcon;
				ASSETCATALOG_COMPILER_LAUNCHIMAGE_NAME = LaunchImage;
				CODE_SIGN_IDENTITY = "iPhone Developer";
				"CODE_SIGN_IDENTITY[sdk=iphoneos*]" = "iPhone Developer";
				GCC_PRECOMPILE_PREFIX_HEADER = YES;
				GCC_PREFIX_HEADER = "SpeedReader/SpeedReader-Prefix.pch";
				HEADER_SEARCH_PATHS = (
					"$(inherited)",
					/Applications/Xcode.app/Contents/Developer/Toolchains/XcodeDefault.xctoolchain/usr/include,
					/usr/include/libxml2,
				);
				INFOPLIST_FILE = "SpeedReader/SpeedReader-Info.plist";
				OTHER_LDFLAGS = "-lxml2";
				PRODUCT_NAME = "$(TARGET_NAME)";
				PROVISIONING_PROFILE = "";
				TARGETED_DEVICE_FAMILY = "1,2";
				WRAPPER_EXTENSION = app;
			};
			name = Release;
		};
		E9E5143D1976A231001FDA03 /* Debug */ = {
			isa = XCBuildConfiguration;
			buildSettings = {
				BUNDLE_LOADER = "$(BUILT_PRODUCTS_DIR)/SpeedReader.app/SpeedReader";
				FRAMEWORK_SEARCH_PATHS = (
					"$(SDKROOT)/Developer/Library/Frameworks",
					"$(inherited)",
					"$(DEVELOPER_FRAMEWORKS_DIR)",
				);
				GCC_PRECOMPILE_PREFIX_HEADER = YES;
				GCC_PREFIX_HEADER = "SpeedReader/SpeedReader-Prefix.pch";
				GCC_PREPROCESSOR_DEFINITIONS = (
					"DEBUG=1",
					"$(inherited)",
				);
				INFOPLIST_FILE = "SpeedReaderTests/SpeedReaderTests-Info.plist";
				PRODUCT_NAME = "$(TARGET_NAME)";
				TEST_HOST = "$(BUNDLE_LOADER)";
				WRAPPER_EXTENSION = xctest;
			};
			name = Debug;
		};
		E9E5143E1976A231001FDA03 /* Release */ = {
			isa = XCBuildConfiguration;
			buildSettings = {
				BUNDLE_LOADER = "$(BUILT_PRODUCTS_DIR)/SpeedReader.app/SpeedReader";
				FRAMEWORK_SEARCH_PATHS = (
					"$(SDKROOT)/Developer/Library/Frameworks",
					"$(inherited)",
					"$(DEVELOPER_FRAMEWORKS_DIR)",
				);
				GCC_PRECOMPILE_PREFIX_HEADER = YES;
				GCC_PREFIX_HEADER = "SpeedReader/SpeedReader-Prefix.pch";
				INFOPLIST_FILE = "SpeedReaderTests/SpeedReaderTests-Info.plist";
				PRODUCT_NAME = "$(TARGET_NAME)";
				TEST_HOST = "$(BUNDLE_LOADER)";
				WRAPPER_EXTENSION = xctest;
			};
			name = Release;
		};
/* End XCBuildConfiguration section */

/* Begin XCConfigurationList section */
		E9E513FF1976A231001FDA03 /* Build configuration list for PBXProject "SpeedReader" */ = {
			isa = XCConfigurationList;
			buildConfigurations = (
				E9E514371976A231001FDA03 /* Debug */,
				E9E514381976A231001FDA03 /* Release */,
			);
			defaultConfigurationIsVisible = 0;
			defaultConfigurationName = Release;
		};
		E9E514391976A231001FDA03 /* Build configuration list for PBXNativeTarget "SpeedReader" */ = {
			isa = XCConfigurationList;
			buildConfigurations = (
				E9E5143A1976A231001FDA03 /* Debug */,
				E9E5143B1976A231001FDA03 /* Release */,
			);
			defaultConfigurationIsVisible = 0;
			defaultConfigurationName = Release;
		};
		E9E5143C1976A231001FDA03 /* Build configuration list for PBXNativeTarget "SpeedReaderTests" */ = {
			isa = XCConfigurationList;
			buildConfigurations = (
				E9E5143D1976A231001FDA03 /* Debug */,
				E9E5143E1976A231001FDA03 /* Release */,
			);
			defaultConfigurationIsVisible = 0;
			defaultConfigurationName = Release;
		};
/* End XCConfigurationList section */

/* Begin XCVersionGroup section */
		E926944C198FEBF900BE1BEF /* SpeedReader.xcdatamodeld */ = {
			isa = XCVersionGroup;
			children = (
				E926944D198FEBF900BE1BEF /* SpeedReader.xcdatamodel */,
			);
			currentVersion = E926944D198FEBF900BE1BEF /* SpeedReader.xcdatamodel */;
			path = SpeedReader.xcdatamodeld;
			sourceTree = "<group>";
			versionGroupType = wrapper.xcdatamodel;
		};
/* End XCVersionGroup section */
	};
	rootObject = E9E513FC1976A231001FDA03 /* Project object */;
}
